// !$*UTF8*$!
{
	archiveVersion = 1;
	classes = {
	};
	objectVersion = 55;
	objects = {

/* Begin PBXBuildFile section */
		870B88A6285F138200B0D0AD /* PostRowViewParameters.swift in Sources */ = {isa = PBXBuildFile; fileRef = 870B88A5285F138200B0D0AD /* PostRowViewParameters.swift */; };
		870B88A9285F147E00B0D0AD /* PostRowView.swift in Sources */ = {isa = PBXBuildFile; fileRef = 870B88A8285F147E00B0D0AD /* PostRowView.swift */; };
		870B88AC285F149700B0D0AD /* PostRowViewUIModel.swift in Sources */ = {isa = PBXBuildFile; fileRef = 870B88AB285F149700B0D0AD /* PostRowViewUIModel.swift */; };
		870B88B6285F1CF100B0D0AD /* PostDetailsFactory.swift in Sources */ = {isa = PBXBuildFile; fileRef = 870B88AF285F1CF100B0D0AD /* PostDetailsFactory.swift */; };
		870B88B7285F1CF100B0D0AD /* PostDetailsPresenter.swift in Sources */ = {isa = PBXBuildFile; fileRef = 870B88B0285F1CF100B0D0AD /* PostDetailsPresenter.swift */; };
		870B88B9285F1CF100B0D0AD /* PostDetailsView.swift in Sources */ = {isa = PBXBuildFile; fileRef = 870B88B2285F1CF100B0D0AD /* PostDetailsView.swift */; };
		870B88BA285F1CF100B0D0AD /* PostDetailsUIModel.swift in Sources */ = {isa = PBXBuildFile; fileRef = 870B88B3285F1CF100B0D0AD /* PostDetailsUIModel.swift */; };
		870B88BB285F1CF100B0D0AD /* PostDetailsInteraface.swift in Sources */ = {isa = PBXBuildFile; fileRef = 870B88B4285F1CF100B0D0AD /* PostDetailsInteraface.swift */; };
		870B88BC285F1CF100B0D0AD /* PostDetailsParameters.swift in Sources */ = {isa = PBXBuildFile; fileRef = 870B88B5285F1CF100B0D0AD /* PostDetailsParameters.swift */; };
		870B88BE285F1FF900B0D0AD /* PostsMockGateway.swift in Sources */ = {isa = PBXBuildFile; fileRef = 870B88BD285F1FF900B0D0AD /* PostsMockGateway.swift */; };
		870B88C0285F202D00B0D0AD /* PostsMockInteractor.swift in Sources */ = {isa = PBXBuildFile; fileRef = 870B88BF285F202D00B0D0AD /* PostsMockInteractor.swift */; };
		872EE7A12860BF8D00845B5C /* PostsParameters.swift in Sources */ = {isa = PBXBuildFile; fileRef = 872EE7A02860BF8D00845B5C /* PostsParameters.swift */; };
		8733FF5E285F681E00DA02AB /* PostsRouter.swift in Sources */ = {isa = PBXBuildFile; fileRef = 8733FF5D285F681E00DA02AB /* PostsRouter.swift */; };
		8780A057285F0DA0002E8F66 /* SwiftUIVIPArchitectureDemoApp.swift in Sources */ = {isa = PBXBuildFile; fileRef = 8780A056285F0DA0002E8F66 /* SwiftUIVIPArchitectureDemoApp.swift */; };
		8780A05B285F0DA1002E8F66 /* Images.xcassets in Resources */ = {isa = PBXBuildFile; fileRef = 8780A05A285F0DA1002E8F66 /* Images.xcassets */; };
		8780A06E285F0DF6002E8F66 /* PostsFactory.swift in Sources */ = {isa = PBXBuildFile; fileRef = 8780A067285F0DF6002E8F66 /* PostsFactory.swift */; };
		8780A06F285F0DF6002E8F66 /* PostsPresenter.swift in Sources */ = {isa = PBXBuildFile; fileRef = 8780A068285F0DF6002E8F66 /* PostsPresenter.swift */; };
		8780A070285F0DF6002E8F66 /* PostsInteractor.swift in Sources */ = {isa = PBXBuildFile; fileRef = 8780A069285F0DF6002E8F66 /* PostsInteractor.swift */; };
		8780A071285F0DF6002E8F66 /* PostsView.swift in Sources */ = {isa = PBXBuildFile; fileRef = 8780A06A285F0DF6002E8F66 /* PostsView.swift */; };
		8780A072285F0DF6002E8F66 /* PostsUIModel.swift in Sources */ = {isa = PBXBuildFile; fileRef = 8780A06B285F0DF6002E8F66 /* PostsUIModel.swift */; };
		8780A073285F0DF6002E8F66 /* PostsInteraface.swift in Sources */ = {isa = PBXBuildFile; fileRef = 8780A06C285F0DF6002E8F66 /* PostsInteraface.swift */; };
		8780A084285F0FEF002E8F66 /* PostsNetworkGateway.swift in Sources */ = {isa = PBXBuildFile; fileRef = 8780A080285F0FEF002E8F66 /* PostsNetworkGateway.swift */; };
		8780A085285F0FEF002E8F66 /* PostsGateway.swift in Sources */ = {isa = PBXBuildFile; fileRef = 8780A081285F0FEF002E8F66 /* PostsGateway.swift */; };
		8780A086285F0FEF002E8F66 /* PostsEntity.swift in Sources */ = {isa = PBXBuildFile; fileRef = 8780A082285F0FEF002E8F66 /* PostsEntity.swift */; };
		87846D8829D4D2AF0071CDAC /* VCore in Frameworks */ = {isa = PBXBuildFile; productRef = 87846D8729D4D2AF0071CDAC /* VCore */; };
/* End PBXBuildFile section */

/* Begin PBXFileReference section */
		870B88A5285F138200B0D0AD /* PostRowViewParameters.swift */ = {isa = PBXFileReference; lastKnownFileType = sourcecode.swift; path = PostRowViewParameters.swift; sourceTree = "<group>"; };
		870B88A8285F147E00B0D0AD /* PostRowView.swift */ = {isa = PBXFileReference; lastKnownFileType = sourcecode.swift; path = PostRowView.swift; sourceTree = "<group>"; };
		870B88AB285F149700B0D0AD /* PostRowViewUIModel.swift */ = {isa = PBXFileReference; lastKnownFileType = sourcecode.swift; path = PostRowViewUIModel.swift; sourceTree = "<group>"; };
		870B88AF285F1CF100B0D0AD /* PostDetailsFactory.swift */ = {isa = PBXFileReference; lastKnownFileType = sourcecode.swift; path = PostDetailsFactory.swift; sourceTree = "<group>"; };
		870B88B0285F1CF100B0D0AD /* PostDetailsPresenter.swift */ = {isa = PBXFileReference; lastKnownFileType = sourcecode.swift; path = PostDetailsPresenter.swift; sourceTree = "<group>"; };
		870B88B2285F1CF100B0D0AD /* PostDetailsView.swift */ = {isa = PBXFileReference; lastKnownFileType = sourcecode.swift; path = PostDetailsView.swift; sourceTree = "<group>"; };
		870B88B3285F1CF100B0D0AD /* PostDetailsUIModel.swift */ = {isa = PBXFileReference; lastKnownFileType = sourcecode.swift; path = PostDetailsUIModel.swift; sourceTree = "<group>"; };
		870B88B4285F1CF100B0D0AD /* PostDetailsInteraface.swift */ = {isa = PBXFileReference; lastKnownFileType = sourcecode.swift; path = PostDetailsInteraface.swift; sourceTree = "<group>"; };
		870B88B5285F1CF100B0D0AD /* PostDetailsParameters.swift */ = {isa = PBXFileReference; lastKnownFileType = sourcecode.swift; path = PostDetailsParameters.swift; sourceTree = "<group>"; };
		870B88BD285F1FF900B0D0AD /* PostsMockGateway.swift */ = {isa = PBXFileReference; lastKnownFileType = sourcecode.swift; path = PostsMockGateway.swift; sourceTree = "<group>"; };
		870B88BF285F202D00B0D0AD /* PostsMockInteractor.swift */ = {isa = PBXFileReference; lastKnownFileType = sourcecode.swift; path = PostsMockInteractor.swift; sourceTree = "<group>"; };
		872EE7A02860BF8D00845B5C /* PostsParameters.swift */ = {isa = PBXFileReference; lastKnownFileType = sourcecode.swift; path = PostsParameters.swift; sourceTree = "<group>"; };
		8733FF5D285F681E00DA02AB /* PostsRouter.swift */ = {isa = PBXFileReference; lastKnownFileType = sourcecode.swift; path = PostsRouter.swift; sourceTree = "<group>"; };
		8780A053285F0DA0002E8F66 /* SwiftUI VIP.app */ = {isa = PBXFileReference; explicitFileType = wrapper.application; includeInIndex = 0; path = "SwiftUI VIP.app"; sourceTree = BUILT_PRODUCTS_DIR; };
		8780A056285F0DA0002E8F66 /* SwiftUIVIPArchitectureDemoApp.swift */ = {isa = PBXFileReference; lastKnownFileType = sourcecode.swift; path = SwiftUIVIPArchitectureDemoApp.swift; sourceTree = "<group>"; };
		8780A05A285F0DA1002E8F66 /* Images.xcassets */ = {isa = PBXFileReference; lastKnownFileType = folder.assetcatalog; path = Images.xcassets; sourceTree = "<group>"; };
		8780A067285F0DF6002E8F66 /* PostsFactory.swift */ = {isa = PBXFileReference; lastKnownFileType = sourcecode.swift; path = PostsFactory.swift; sourceTree = "<group>"; };
		8780A068285F0DF6002E8F66 /* PostsPresenter.swift */ = {isa = PBXFileReference; lastKnownFileType = sourcecode.swift; path = PostsPresenter.swift; sourceTree = "<group>"; };
		8780A069285F0DF6002E8F66 /* PostsInteractor.swift */ = {isa = PBXFileReference; lastKnownFileType = sourcecode.swift; path = PostsInteractor.swift; sourceTree = "<group>"; };
		8780A06A285F0DF6002E8F66 /* PostsView.swift */ = {isa = PBXFileReference; lastKnownFileType = sourcecode.swift; path = PostsView.swift; sourceTree = "<group>"; };
		8780A06B285F0DF6002E8F66 /* PostsUIModel.swift */ = {isa = PBXFileReference; lastKnownFileType = sourcecode.swift; path = PostsUIModel.swift; sourceTree = "<group>"; };
		8780A06C285F0DF6002E8F66 /* PostsInteraface.swift */ = {isa = PBXFileReference; lastKnownFileType = sourcecode.swift; path = PostsInteraface.swift; sourceTree = "<group>"; };
		8780A076285F0E3A002E8F66 /* ~VCore */ = {isa = PBXFileReference; lastKnownFileType = wrapper; name = "~VCore"; path = ../..; sourceTree = "<group>"; };
		8780A080285F0FEF002E8F66 /* PostsNetworkGateway.swift */ = {isa = PBXFileReference; lastKnownFileType = sourcecode.swift; path = PostsNetworkGateway.swift; sourceTree = "<group>"; };
		8780A081285F0FEF002E8F66 /* PostsGateway.swift */ = {isa = PBXFileReference; lastKnownFileType = sourcecode.swift; path = PostsGateway.swift; sourceTree = "<group>"; };
		8780A082285F0FEF002E8F66 /* PostsEntity.swift */ = {isa = PBXFileReference; lastKnownFileType = sourcecode.swift; path = PostsEntity.swift; sourceTree = "<group>"; };
		87846D8629D4D2AA0071CDAC /* ~VCore */ = {isa = PBXFileReference; lastKnownFileType = wrapper; name = "~VCore"; path = ../../..; sourceTree = "<group>"; };
/* End PBXFileReference section */

/* Begin PBXFrameworksBuildPhase section */
		8780A050285F0DA0002E8F66 /* Frameworks */ = {
			isa = PBXFrameworksBuildPhase;
			buildActionMask = 2147483647;
			files = (
				87846D8829D4D2AF0071CDAC /* VCore in Frameworks */,
			);
			runOnlyForDeploymentPostprocessing = 0;
		};
/* End PBXFrameworksBuildPhase section */

/* Begin PBXGroup section */
		870B88A7285F147000B0D0AD /* Views */ = {
			isa = PBXGroup;
			children = (
				870B88AA285F148B00B0D0AD /* Post Row View */,
			);
			path = Views;
			sourceTree = "<group>";
		};
		870B88AA285F148B00B0D0AD /* Post Row View */ = {
			isa = PBXGroup;
			children = (
				870B88A8285F147E00B0D0AD /* PostRowView.swift */,
				870B88A5285F138200B0D0AD /* PostRowViewParameters.swift */,
				870B88AB285F149700B0D0AD /* PostRowViewUIModel.swift */,
			);
			path = "Post Row View";
			sourceTree = "<group>";
		};
		870B88AD285F1CC400B0D0AD /* Post Details */ = {
			isa = PBXGroup;
			children = (
				870B88AF285F1CF100B0D0AD /* PostDetailsFactory.swift */,
				870B88B5285F1CF100B0D0AD /* PostDetailsParameters.swift */,
				870B88B4285F1CF100B0D0AD /* PostDetailsInteraface.swift */,
				870B88B2285F1CF100B0D0AD /* PostDetailsView.swift */,
				870B88B0285F1CF100B0D0AD /* PostDetailsPresenter.swift */,
				870B88B3285F1CF100B0D0AD /* PostDetailsUIModel.swift */,
			);
			path = "Post Details";
			sourceTree = "<group>";
		};
		8780A04A285F0DA0002E8F66 = {
			isa = PBXGroup;
			children = (
				8780A055285F0DA0002E8F66 /* SwiftUIVIPERArchitectureDemo */,
				8780A075285F0E3A002E8F66 /* Packages */,
				8780A077285F0E43002E8F66 /* Frameworks */,
				8780A054285F0DA0002E8F66 /* Products */,
			);
			sourceTree = "<group>";
		};
		8780A054285F0DA0002E8F66 /* Products */ = {
			isa = PBXGroup;
			children = (
				8780A053285F0DA0002E8F66 /* SwiftUI VIP.app */,
			);
			name = Products;
			sourceTree = "<group>";
		};
		8780A055285F0DA0002E8F66 /* SwiftUIVIPERArchitectureDemo */ = {
			isa = PBXGroup;
			children = (
				8780A065285F0DD9002E8F66 /* App Control */,
				8780A066285F0DE1002E8F66 /* Scenes */,
				870B88A7285F147000B0D0AD /* Views */,
				8780A07E285F0FCE002E8F66 /* Gateways */,
				8780A064285F0DC0002E8F66 /* Resources */,
			);
			path = SwiftUIVIPERArchitectureDemo;
			sourceTree = "<group>";
		};
		8780A064285F0DC0002E8F66 /* Resources */ = {
			isa = PBXGroup;
			children = (
				8780A05A285F0DA1002E8F66 /* Images.xcassets */,
			);
			path = Resources;
			sourceTree = "<group>";
		};
		8780A065285F0DD9002E8F66 /* App Control */ = {
			isa = PBXGroup;
			children = (
				8780A056285F0DA0002E8F66 /* SwiftUIVIPArchitectureDemoApp.swift */,
			);
			path = "App Control";
			sourceTree = "<group>";
		};
		8780A066285F0DE1002E8F66 /* Scenes */ = {
			isa = PBXGroup;
			children = (
				8780A07A285F0F04002E8F66 /* Posts */,
				870B88AD285F1CC400B0D0AD /* Post Details */,
			);
			path = Scenes;
			sourceTree = "<group>";
		};
		8780A075285F0E3A002E8F66 /* Packages */ = {
			isa = PBXGroup;
			children = (
				8780A076285F0E3A002E8F66 /* ~VCore */,
				87846D8629D4D2AA0071CDAC /* ~VCore */,
			);
			name = Packages;
			sourceTree = "<group>";
		};
		8780A077285F0E43002E8F66 /* Frameworks */ = {
			isa = PBXGroup;
			children = (
			);
			name = Frameworks;
			sourceTree = "<group>";
		};
		8780A07A285F0F04002E8F66 /* Posts */ = {
			isa = PBXGroup;
			children = (
				8780A067285F0DF6002E8F66 /* PostsFactory.swift */,
				872EE7A02860BF8D00845B5C /* PostsParameters.swift */,
				8780A06C285F0DF6002E8F66 /* PostsInteraface.swift */,
				8780A06A285F0DF6002E8F66 /* PostsView.swift */,
				8780A068285F0DF6002E8F66 /* PostsPresenter.swift */,
				8733FF5D285F681E00DA02AB /* PostsRouter.swift */,
				8780A069285F0DF6002E8F66 /* PostsInteractor.swift */,
				8780A06B285F0DF6002E8F66 /* PostsUIModel.swift */,
				870B88BF285F202D00B0D0AD /* PostsMockInteractor.swift */,
			);
			path = Posts;
			sourceTree = "<group>";
		};
		8780A07E285F0FCE002E8F66 /* Gateways */ = {
			isa = PBXGroup;
			children = (
				8780A07F285F0FE2002E8F66 /* Posts */,
			);
			path = Gateways;
			sourceTree = "<group>";
		};
		8780A07F285F0FE2002E8F66 /* Posts */ = {
			isa = PBXGroup;
			children = (
				8780A081285F0FEF002E8F66 /* PostsGateway.swift */,
				8780A082285F0FEF002E8F66 /* PostsEntity.swift */,
				8780A080285F0FEF002E8F66 /* PostsNetworkGateway.swift */,
				870B88BD285F1FF900B0D0AD /* PostsMockGateway.swift */,
			);
			path = Posts;
			sourceTree = "<group>";
		};
/* End PBXGroup section */

/* Begin PBXNativeTarget section */
		8780A052285F0DA0002E8F66 /* SwiftUIVIPERArchitectureDemo */ = {
			isa = PBXNativeTarget;
			buildConfigurationList = 8780A061285F0DA1002E8F66 /* Build configuration list for PBXNativeTarget "SwiftUIVIPERArchitectureDemo" */;
			buildPhases = (
				8780A04F285F0DA0002E8F66 /* Sources */,
				8780A050285F0DA0002E8F66 /* Frameworks */,
				8780A051285F0DA0002E8F66 /* Resources */,
			);
			buildRules = (
			);
			dependencies = (
			);
			name = SwiftUIVIPERArchitectureDemo;
			packageProductDependencies = (
				87846D8729D4D2AF0071CDAC /* VCore */,
			);
			productName = SwiftUIVIPERArchitectureDemo;
			productReference = 8780A053285F0DA0002E8F66 /* SwiftUI VIP.app */;
			productType = "com.apple.product-type.application";
		};
/* End PBXNativeTarget section */

/* Begin PBXProject section */
		8780A04B285F0DA0002E8F66 /* Project object */ = {
			isa = PBXProject;
			attributes = {
				BuildIndependentTargetsInParallel = 1;
				LastSwiftUpdateCheck = 1340;
				LastUpgradeCheck = 1340;
				TargetAttributes = {
					8780A052285F0DA0002E8F66 = {
						CreatedOnToolsVersion = 13.4.1;
					};
				};
			};
			buildConfigurationList = 8780A04E285F0DA0002E8F66 /* Build configuration list for PBXProject "SwiftUIVIPERArchitectureDemo" */;
			compatibilityVersion = "Xcode 13.0";
			developmentRegion = en;
			hasScannedForEncodings = 0;
			knownRegions = (
				en,
				Base,
			);
			mainGroup = 8780A04A285F0DA0002E8F66;
			productRefGroup = 8780A054285F0DA0002E8F66 /* Products */;
			projectDirPath = "";
			projectRoot = "";
			targets = (
				8780A052285F0DA0002E8F66 /* SwiftUIVIPERArchitectureDemo */,
			);
		};
/* End PBXProject section */

/* Begin PBXResourcesBuildPhase section */
		8780A051285F0DA0002E8F66 /* Resources */ = {
			isa = PBXResourcesBuildPhase;
			buildActionMask = 2147483647;
			files = (
				8780A05B285F0DA1002E8F66 /* Images.xcassets in Resources */,
			);
			runOnlyForDeploymentPostprocessing = 0;
		};
/* End PBXResourcesBuildPhase section */

/* Begin PBXSourcesBuildPhase section */
		8780A04F285F0DA0002E8F66 /* Sources */ = {
			isa = PBXSourcesBuildPhase;
			buildActionMask = 2147483647;
			files = (
				8780A070285F0DF6002E8F66 /* PostsInteractor.swift in Sources */,
				870B88BA285F1CF100B0D0AD /* PostDetailsUIModel.swift in Sources */,
				870B88BE285F1FF900B0D0AD /* PostsMockGateway.swift in Sources */,
				870B88A9285F147E00B0D0AD /* PostRowView.swift in Sources */,
				8780A06E285F0DF6002E8F66 /* PostsFactory.swift in Sources */,
				870B88BB285F1CF100B0D0AD /* PostDetailsInteraface.swift in Sources */,
				8733FF5E285F681E00DA02AB /* PostsRouter.swift in Sources */,
				8780A06F285F0DF6002E8F66 /* PostsPresenter.swift in Sources */,
				870B88A6285F138200B0D0AD /* PostRowViewParameters.swift in Sources */,
				870B88B6285F1CF100B0D0AD /* PostDetailsFactory.swift in Sources */,
				8780A085285F0FEF002E8F66 /* PostsGateway.swift in Sources */,
				8780A071285F0DF6002E8F66 /* PostsView.swift in Sources */,
				870B88B9285F1CF100B0D0AD /* PostDetailsView.swift in Sources */,
				870B88B7285F1CF100B0D0AD /* PostDetailsPresenter.swift in Sources */,
				872EE7A12860BF8D00845B5C /* PostsParameters.swift in Sources */,
				8780A073285F0DF6002E8F66 /* PostsInteraface.swift in Sources */,
				8780A086285F0FEF002E8F66 /* PostsEntity.swift in Sources */,
				8780A057285F0DA0002E8F66 /* SwiftUIVIPArchitectureDemoApp.swift in Sources */,
				8780A084285F0FEF002E8F66 /* PostsNetworkGateway.swift in Sources */,
				8780A072285F0DF6002E8F66 /* PostsUIModel.swift in Sources */,
				870B88BC285F1CF100B0D0AD /* PostDetailsParameters.swift in Sources */,
				870B88C0285F202D00B0D0AD /* PostsMockInteractor.swift in Sources */,
				870B88AC285F149700B0D0AD /* PostRowViewUIModel.swift in Sources */,
			);
			runOnlyForDeploymentPostprocessing = 0;
		};
/* End PBXSourcesBuildPhase section */

/* Begin XCBuildConfiguration section */
		8780A05F285F0DA1002E8F66 /* Debug */ = {
			isa = XCBuildConfiguration;
			buildSettings = {
				ALWAYS_SEARCH_USER_PATHS = NO;
				CLANG_ANALYZER_NONNULL = YES;
				CLANG_ANALYZER_NUMBER_OBJECT_CONVERSION = YES_AGGRESSIVE;
				CLANG_CXX_LANGUAGE_STANDARD = "gnu++17";
				CLANG_ENABLE_MODULES = YES;
				CLANG_ENABLE_OBJC_ARC = YES;
				CLANG_ENABLE_OBJC_WEAK = YES;
				CLANG_WARN_BLOCK_CAPTURE_AUTORELEASING = YES;
				CLANG_WARN_BOOL_CONVERSION = YES;
				CLANG_WARN_COMMA = YES;
				CLANG_WARN_CONSTANT_CONVERSION = YES;
				CLANG_WARN_DEPRECATED_OBJC_IMPLEMENTATIONS = YES;
				CLANG_WARN_DIRECT_OBJC_ISA_USAGE = YES_ERROR;
				CLANG_WARN_DOCUMENTATION_COMMENTS = YES;
				CLANG_WARN_EMPTY_BODY = YES;
				CLANG_WARN_ENUM_CONVERSION = YES;
				CLANG_WARN_INFINITE_RECURSION = YES;
				CLANG_WARN_INT_CONVERSION = YES;
				CLANG_WARN_NON_LITERAL_NULL_CONVERSION = YES;
				CLANG_WARN_OBJC_IMPLICIT_RETAIN_SELF = YES;
				CLANG_WARN_OBJC_LITERAL_CONVERSION = YES;
				CLANG_WARN_OBJC_ROOT_CLASS = YES_ERROR;
				CLANG_WARN_QUOTED_INCLUDE_IN_FRAMEWORK_HEADER = YES;
				CLANG_WARN_RANGE_LOOP_ANALYSIS = YES;
				CLANG_WARN_STRICT_PROTOTYPES = YES;
				CLANG_WARN_SUSPICIOUS_MOVE = YES;
				CLANG_WARN_UNGUARDED_AVAILABILITY = YES_AGGRESSIVE;
				CLANG_WARN_UNREACHABLE_CODE = YES;
				CLANG_WARN__DUPLICATE_METHOD_MATCH = YES;
				COPY_PHASE_STRIP = NO;
				DEBUG_INFORMATION_FORMAT = dwarf;
				ENABLE_STRICT_OBJC_MSGSEND = YES;
				ENABLE_TESTABILITY = YES;
				GCC_C_LANGUAGE_STANDARD = gnu11;
				GCC_DYNAMIC_NO_PIC = NO;
				GCC_NO_COMMON_BLOCKS = YES;
				GCC_OPTIMIZATION_LEVEL = 0;
				GCC_PREPROCESSOR_DEFINITIONS = (
					"DEBUG=1",
					"$(inherited)",
				);
				GCC_WARN_64_TO_32_BIT_CONVERSION = YES;
				GCC_WARN_ABOUT_RETURN_TYPE = YES_ERROR;
				GCC_WARN_UNDECLARED_SELECTOR = YES;
				GCC_WARN_UNINITIALIZED_AUTOS = YES_AGGRESSIVE;
				GCC_WARN_UNUSED_FUNCTION = YES;
				GCC_WARN_UNUSED_VARIABLE = YES;
				IPHONEOS_DEPLOYMENT_TARGET = 15.5;
				MTL_ENABLE_DEBUG_INFO = INCLUDE_SOURCE;
				MTL_FAST_MATH = YES;
				ONLY_ACTIVE_ARCH = YES;
				SDKROOT = iphoneos;
				SWIFT_ACTIVE_COMPILATION_CONDITIONS = DEBUG;
				SWIFT_OPTIMIZATION_LEVEL = "-Onone";
			};
			name = Debug;
		};
		8780A060285F0DA1002E8F66 /* Release */ = {
			isa = XCBuildConfiguration;
			buildSettings = {
				ALWAYS_SEARCH_USER_PATHS = NO;
				CLANG_ANALYZER_NONNULL = YES;
				CLANG_ANALYZER_NUMBER_OBJECT_CONVERSION = YES_AGGRESSIVE;
				CLANG_CXX_LANGUAGE_STANDARD = "gnu++17";
				CLANG_ENABLE_MODULES = YES;
				CLANG_ENABLE_OBJC_ARC = YES;
				CLANG_ENABLE_OBJC_WEAK = YES;
				CLANG_WARN_BLOCK_CAPTURE_AUTORELEASING = YES;
				CLANG_WARN_BOOL_CONVERSION = YES;
				CLANG_WARN_COMMA = YES;
				CLANG_WARN_CONSTANT_CONVERSION = YES;
				CLANG_WARN_DEPRECATED_OBJC_IMPLEMENTATIONS = YES;
				CLANG_WARN_DIRECT_OBJC_ISA_USAGE = YES_ERROR;
				CLANG_WARN_DOCUMENTATION_COMMENTS = YES;
				CLANG_WARN_EMPTY_BODY = YES;
				CLANG_WARN_ENUM_CONVERSION = YES;
				CLANG_WARN_INFINITE_RECURSION = YES;
				CLANG_WARN_INT_CONVERSION = YES;
				CLANG_WARN_NON_LITERAL_NULL_CONVERSION = YES;
				CLANG_WARN_OBJC_IMPLICIT_RETAIN_SELF = YES;
				CLANG_WARN_OBJC_LITERAL_CONVERSION = YES;
				CLANG_WARN_OBJC_ROOT_CLASS = YES_ERROR;
				CLANG_WARN_QUOTED_INCLUDE_IN_FRAMEWORK_HEADER = YES;
				CLANG_WARN_RANGE_LOOP_ANALYSIS = YES;
				CLANG_WARN_STRICT_PROTOTYPES = YES;
				CLANG_WARN_SUSPICIOUS_MOVE = YES;
				CLANG_WARN_UNGUARDED_AVAILABILITY = YES_AGGRESSIVE;
				CLANG_WARN_UNREACHABLE_CODE = YES;
				CLANG_WARN__DUPLICATE_METHOD_MATCH = YES;
				COPY_PHASE_STRIP = NO;
				DEBUG_INFORMATION_FORMAT = "dwarf-with-dsym";
				ENABLE_NS_ASSERTIONS = NO;
				ENABLE_STRICT_OBJC_MSGSEND = YES;
				GCC_C_LANGUAGE_STANDARD = gnu11;
				GCC_NO_COMMON_BLOCKS = YES;
				GCC_WARN_64_TO_32_BIT_CONVERSION = YES;
				GCC_WARN_ABOUT_RETURN_TYPE = YES_ERROR;
				GCC_WARN_UNDECLARED_SELECTOR = YES;
				GCC_WARN_UNINITIALIZED_AUTOS = YES_AGGRESSIVE;
				GCC_WARN_UNUSED_FUNCTION = YES;
				GCC_WARN_UNUSED_VARIABLE = YES;
				IPHONEOS_DEPLOYMENT_TARGET = 15.5;
				MTL_ENABLE_DEBUG_INFO = NO;
				MTL_FAST_MATH = YES;
				SDKROOT = iphoneos;
				SWIFT_COMPILATION_MODE = wholemodule;
				SWIFT_OPTIMIZATION_LEVEL = "-O";
				VALIDATE_PRODUCT = YES;
			};
			name = Release;
		};
		8780A062285F0DA1002E8F66 /* Debug */ = {
			isa = XCBuildConfiguration;
			buildSettings = {
				ASSETCATALOG_COMPILER_APPICON_NAME = AppIcon;
				ASSETCATALOG_COMPILER_GLOBAL_ACCENT_COLOR_NAME = AccentColor;
				CODE_SIGN_STYLE = Automatic;
				CURRENT_PROJECT_VERSION = 1;
				DEVELOPMENT_TEAM = XRWP42VX24;
				ENABLE_PREVIEWS = YES;
				GENERATE_INFOPLIST_FILE = YES;
				INFOPLIST_KEY_CFBundleDisplayName = "SwiftUI VIPER";
				INFOPLIST_KEY_UIApplicationSceneManifest_Generation = YES;
				INFOPLIST_KEY_UIApplicationSupportsIndirectInputEvents = YES;
				INFOPLIST_KEY_UILaunchScreen_Generation = YES;
				INFOPLIST_KEY_UIRequiresFullScreen = YES;
				INFOPLIST_KEY_UISupportedInterfaceOrientations = UIInterfaceOrientationPortrait;
				IPHONEOS_DEPLOYMENT_TARGET = 16.0;
				LD_RUNPATH_SEARCH_PATHS = (
					"$(inherited)",
					"@executable_path/Frameworks",
				);
				MARKETING_VERSION = 1.0;
				PRODUCT_BUNDLE_IDENTIFIER = "com.vakhtang-kontridze.SwiftUIVIPERArchitectureDemo";
				PRODUCT_NAME = "SwiftUI VIP";
				SWIFT_EMIT_LOC_STRINGS = YES;
				SWIFT_VERSION = 5.0;
				TARGETED_DEVICE_FAMILY = "1,2";
			};
			name = Debug;
		};
		8780A063285F0DA1002E8F66 /* Release */ = {
			isa = XCBuildConfiguration;
			buildSettings = {
				ASSETCATALOG_COMPILER_APPICON_NAME = AppIcon;
				ASSETCATALOG_COMPILER_GLOBAL_ACCENT_COLOR_NAME = AccentColor;
				CODE_SIGN_STYLE = Automatic;
				CURRENT_PROJECT_VERSION = 1;
				DEVELOPMENT_TEAM = XRWP42VX24;
				ENABLE_PREVIEWS = YES;
				GENERATE_INFOPLIST_FILE = YES;
				INFOPLIST_KEY_CFBundleDisplayName = "SwiftUI VIPER";
				INFOPLIST_KEY_UIApplicationSceneManifest_Generation = YES;
				INFOPLIST_KEY_UIApplicationSupportsIndirectInputEvents = YES;
				INFOPLIST_KEY_UILaunchScreen_Generation = YES;
				INFOPLIST_KEY_UIRequiresFullScreen = YES;
				INFOPLIST_KEY_UISupportedInterfaceOrientations = UIInterfaceOrientationPortrait;
				IPHONEOS_DEPLOYMENT_TARGET = 16.0;
				LD_RUNPATH_SEARCH_PATHS = (
					"$(inherited)",
					"@executable_path/Frameworks",
				);
				MARKETING_VERSION = 1.0;
				PRODUCT_BUNDLE_IDENTIFIER = "com.vakhtang-kontridze.SwiftUIVIPERArchitectureDemo";
				PRODUCT_NAME = "SwiftUI VIP";
				SWIFT_EMIT_LOC_STRINGS = YES;
				SWIFT_VERSION = 5.0;
				TARGETED_DEVICE_FAMILY = "1,2";
			};
			name = Release;
		};
/* End XCBuildConfiguration section */

/* Begin XCConfigurationList section */
		8780A04E285F0DA0002E8F66 /* Build configuration list for PBXProject "SwiftUIVIPERArchitectureDemo" */ = {
			isa = XCConfigurationList;
			buildConfigurations = (
				8780A05F285F0DA1002E8F66 /* Debug */,
				8780A060285F0DA1002E8F66 /* Release */,
			);
			defaultConfigurationIsVisible = 0;
			defaultConfigurationName = Release;
		};
		8780A061285F0DA1002E8F66 /* Build configuration list for PBXNativeTarget "SwiftUIVIPERArchitectureDemo" */ = {
			isa = XCConfigurationList;
			buildConfigurations = (
				8780A062285F0DA1002E8F66 /* Debug */,
				8780A063285F0DA1002E8F66 /* Release */,
			);
			defaultConfigurationIsVisible = 0;
			defaultConfigurationName = Release;
		};
/* End XCConfigurationList section */

/* Begin XCSwiftPackageProductDependency section */
		87846D8729D4D2AF0071CDAC /* VCore */ = {
			isa = XCSwiftPackageProductDependency;
			productName = VCore;
		};
/* End XCSwiftPackageProductDependency section */
	};
	rootObject = 8780A04B285F0DA0002E8F66 /* Project object */;
}
