// !$*UTF8*$!
{
	archiveVersion = 1;
	classes = {
	};
	objectVersion = 60;
	objects = {

/* Begin PBXBuildFile section */
		87227F832B9079C400CF2370 /* VCore in Frameworks */ = {isa = PBXBuildFile; productRef = 87227F822B9079C400CF2370 /* VCore */; };
		876FD433285C786600EC24FD /* AppDelegate.swift in Sources */ = {isa = PBXBuildFile; fileRef = 876FD432285C786600EC24FD /* AppDelegate.swift */; };
		876FD435285C786600EC24FD /* SceneDelegate.swift in Sources */ = {isa = PBXBuildFile; fileRef = 876FD434285C786600EC24FD /* SceneDelegate.swift */; };
		876FD43C285C786700EC24FD /* Images.xcassets in Resources */ = {isa = PBXBuildFile; fileRef = 876FD43B285C786700EC24FD /* Images.xcassets */; };
		876FD43F285C786700EC24FD /* LaunchScreen.storyboard in Resources */ = {isa = PBXBuildFile; fileRef = 876FD43D285C786700EC24FD /* LaunchScreen.storyboard */; };
		876FD453285C7BBF00EC24FD /* PostsFactory.swift in Sources */ = {isa = PBXBuildFile; fileRef = 876FD44B285C7BBF00EC24FD /* PostsFactory.swift */; };
		876FD454285C7BBF00EC24FD /* PostsPresenter.swift in Sources */ = {isa = PBXBuildFile; fileRef = 876FD44C285C7BBF00EC24FD /* PostsPresenter.swift */; };
		876FD455285C7BBF00EC24FD /* PostsRouter.swift in Sources */ = {isa = PBXBuildFile; fileRef = 876FD44D285C7BBF00EC24FD /* PostsRouter.swift */; };
		876FD456285C7BBF00EC24FD /* PostsInterface.swift in Sources */ = {isa = PBXBuildFile; fileRef = 876FD44E285C7BBF00EC24FD /* PostsInterface.swift */; };
		876FD457285C7BBF00EC24FD /* PostsViewController.swift in Sources */ = {isa = PBXBuildFile; fileRef = 876FD44F285C7BBF00EC24FD /* PostsViewController.swift */; };
		876FD458285C7BBF00EC24FD /* PostsInteractor.swift in Sources */ = {isa = PBXBuildFile; fileRef = 876FD450285C7BBF00EC24FD /* PostsInteractor.swift */; };
		876FD459285C7BBF00EC24FD /* PostsUIModel.swift in Sources */ = {isa = PBXBuildFile; fileRef = 876FD451285C7BBF00EC24FD /* PostsUIModel.swift */; };
		876FD462285C7C2600EC24FD /* StandardNavigableBridge.swift in Sources */ = {isa = PBXBuildFile; fileRef = 876FD461285C7C2600EC24FD /* StandardNavigableBridge.swift */; };
		876FD468285C7C5100EC24FD /* PostsNetworkGateway.swift in Sources */ = {isa = PBXBuildFile; fileRef = 876FD464285C7C5100EC24FD /* PostsNetworkGateway.swift */; };
		876FD46A285C7C5100EC24FD /* PostsEntity.swift in Sources */ = {isa = PBXBuildFile; fileRef = 876FD466285C7C5100EC24FD /* PostsEntity.swift */; };
		876FD46B285C7C5100EC24FD /* PostsGateway.swift in Sources */ = {isa = PBXBuildFile; fileRef = 876FD467285C7C5100EC24FD /* PostsGateway.swift */; };
		876FD472285C848700EC24FD /* PostCellParameters.swift in Sources */ = {isa = PBXBuildFile; fileRef = 876FD46F285C848700EC24FD /* PostCellParameters.swift */; };
		876FD473285C848700EC24FD /* PostCell.swift in Sources */ = {isa = PBXBuildFile; fileRef = 876FD470285C848700EC24FD /* PostCell.swift */; };
		876FD474285C848700EC24FD /* PostCellUIModel.swift in Sources */ = {isa = PBXBuildFile; fileRef = 876FD471285C848700EC24FD /* PostCellUIModel.swift */; };
		876FD485285C978E00EC24FD /* PostDetailsFactory.swift in Sources */ = {isa = PBXBuildFile; fileRef = 876FD47D285C978E00EC24FD /* PostDetailsFactory.swift */; };
		876FD486285C978E00EC24FD /* PostDetailsPresenter.swift in Sources */ = {isa = PBXBuildFile; fileRef = 876FD47E285C978E00EC24FD /* PostDetailsPresenter.swift */; };
		876FD488285C978E00EC24FD /* PostDetailsInterface.swift in Sources */ = {isa = PBXBuildFile; fileRef = 876FD480285C978E00EC24FD /* PostDetailsInterface.swift */; };
		876FD489285C978E00EC24FD /* PostDetailsViewController.swift in Sources */ = {isa = PBXBuildFile; fileRef = 876FD481285C978E00EC24FD /* PostDetailsViewController.swift */; };
		876FD48B285C978E00EC24FD /* PostDetailsUIModel.swift in Sources */ = {isa = PBXBuildFile; fileRef = 876FD483285C978E00EC24FD /* PostDetailsUIModel.swift */; };
		876FD48C285C978E00EC24FD /* PostDetailsParameters.swift in Sources */ = {isa = PBXBuildFile; fileRef = 876FD484285C978E00EC24FD /* PostDetailsParameters.swift */; };
		87846D8B29D4D2FF0071CDAC /* VCore in Frameworks */ = {isa = PBXBuildFile; productRef = 87846D8A29D4D2FF0071CDAC /* VCore */; };
		87E046A02B5D34EF004D2E2F /* PostsMockInteractor.swift in Sources */ = {isa = PBXBuildFile; fileRef = 87E0469F2B5D34EF004D2E2F /* PostsMockInteractor.swift */; };
		87E046A22B5D3506004D2E2F /* PostsNetworkMockGateway.swift in Sources */ = {isa = PBXBuildFile; fileRef = 87E046A12B5D3506004D2E2F /* PostsNetworkMockGateway.swift */; };
/* End PBXBuildFile section */

/* Begin PBXFileReference section */
		870B88A0285F126E00B0D0AD /* ~VCore */ = {isa = PBXFileReference; lastKnownFileType = wrapper; name = "~VCore"; path = ../..; sourceTree = "<group>"; };
		876FD42F285C786600EC24FD /* UIKitVIPERExample.app */ = {isa = PBXFileReference; explicitFileType = wrapper.application; includeInIndex = 0; path = UIKitVIPERExample.app; sourceTree = BUILT_PRODUCTS_DIR; };
		876FD432285C786600EC24FD /* AppDelegate.swift */ = {isa = PBXFileReference; lastKnownFileType = sourcecode.swift; path = AppDelegate.swift; sourceTree = "<group>"; };
		876FD434285C786600EC24FD /* SceneDelegate.swift */ = {isa = PBXFileReference; lastKnownFileType = sourcecode.swift; path = SceneDelegate.swift; sourceTree = "<group>"; };
		876FD43B285C786700EC24FD /* Images.xcassets */ = {isa = PBXFileReference; lastKnownFileType = folder.assetcatalog; path = Images.xcassets; sourceTree = "<group>"; };
		876FD43E285C786700EC24FD /* Base */ = {isa = PBXFileReference; lastKnownFileType = file.storyboard; name = Base; path = Base.lproj/LaunchScreen.storyboard; sourceTree = "<group>"; };
		876FD440285C786700EC24FD /* Info.plist */ = {isa = PBXFileReference; lastKnownFileType = text.plist.xml; path = Info.plist; sourceTree = "<group>"; };
		876FD44B285C7BBF00EC24FD /* PostsFactory.swift */ = {isa = PBXFileReference; lastKnownFileType = sourcecode.swift; path = PostsFactory.swift; sourceTree = "<group>"; };
		876FD44C285C7BBF00EC24FD /* PostsPresenter.swift */ = {isa = PBXFileReference; lastKnownFileType = sourcecode.swift; path = PostsPresenter.swift; sourceTree = "<group>"; };
		876FD44D285C7BBF00EC24FD /* PostsRouter.swift */ = {isa = PBXFileReference; lastKnownFileType = sourcecode.swift; path = PostsRouter.swift; sourceTree = "<group>"; };
		876FD44E285C7BBF00EC24FD /* PostsInterface.swift */ = {isa = PBXFileReference; lastKnownFileType = sourcecode.swift; path = PostsInterface.swift; sourceTree = "<group>"; };
		876FD44F285C7BBF00EC24FD /* PostsViewController.swift */ = {isa = PBXFileReference; lastKnownFileType = sourcecode.swift; path = PostsViewController.swift; sourceTree = "<group>"; };
		876FD450285C7BBF00EC24FD /* PostsInteractor.swift */ = {isa = PBXFileReference; lastKnownFileType = sourcecode.swift; path = PostsInteractor.swift; sourceTree = "<group>"; };
		876FD451285C7BBF00EC24FD /* PostsUIModel.swift */ = {isa = PBXFileReference; lastKnownFileType = sourcecode.swift; path = PostsUIModel.swift; sourceTree = "<group>"; };
		876FD461285C7C2600EC24FD /* StandardNavigableBridge.swift */ = {isa = PBXFileReference; lastKnownFileType = sourcecode.swift; path = StandardNavigableBridge.swift; sourceTree = "<group>"; };
		876FD464285C7C5100EC24FD /* PostsNetworkGateway.swift */ = {isa = PBXFileReference; lastKnownFileType = sourcecode.swift; path = PostsNetworkGateway.swift; sourceTree = "<group>"; };
		876FD466285C7C5100EC24FD /* PostsEntity.swift */ = {isa = PBXFileReference; lastKnownFileType = sourcecode.swift; path = PostsEntity.swift; sourceTree = "<group>"; };
		876FD467285C7C5100EC24FD /* PostsGateway.swift */ = {isa = PBXFileReference; lastKnownFileType = sourcecode.swift; path = PostsGateway.swift; sourceTree = "<group>"; };
		876FD46F285C848700EC24FD /* PostCellParameters.swift */ = {isa = PBXFileReference; lastKnownFileType = sourcecode.swift; path = PostCellParameters.swift; sourceTree = "<group>"; };
		876FD470285C848700EC24FD /* PostCell.swift */ = {isa = PBXFileReference; lastKnownFileType = sourcecode.swift; path = PostCell.swift; sourceTree = "<group>"; };
		876FD471285C848700EC24FD /* PostCellUIModel.swift */ = {isa = PBXFileReference; lastKnownFileType = sourcecode.swift; path = PostCellUIModel.swift; sourceTree = "<group>"; };
		876FD47D285C978E00EC24FD /* PostDetailsFactory.swift */ = {isa = PBXFileReference; lastKnownFileType = sourcecode.swift; path = PostDetailsFactory.swift; sourceTree = "<group>"; };
		876FD47E285C978E00EC24FD /* PostDetailsPresenter.swift */ = {isa = PBXFileReference; lastKnownFileType = sourcecode.swift; path = PostDetailsPresenter.swift; sourceTree = "<group>"; };
		876FD480285C978E00EC24FD /* PostDetailsInterface.swift */ = {isa = PBXFileReference; lastKnownFileType = sourcecode.swift; path = PostDetailsInterface.swift; sourceTree = "<group>"; };
		876FD481285C978E00EC24FD /* PostDetailsViewController.swift */ = {isa = PBXFileReference; lastKnownFileType = sourcecode.swift; path = PostDetailsViewController.swift; sourceTree = "<group>"; };
		876FD483285C978E00EC24FD /* PostDetailsUIModel.swift */ = {isa = PBXFileReference; lastKnownFileType = sourcecode.swift; path = PostDetailsUIModel.swift; sourceTree = "<group>"; };
		876FD484285C978E00EC24FD /* PostDetailsParameters.swift */ = {isa = PBXFileReference; lastKnownFileType = sourcecode.swift; path = PostDetailsParameters.swift; sourceTree = "<group>"; };
		87846D8929D4D2FA0071CDAC /* ~VCore */ = {isa = PBXFileReference; lastKnownFileType = wrapper; name = "~VCore"; path = ../../..; sourceTree = "<group>"; };
		87E0469F2B5D34EF004D2E2F /* PostsMockInteractor.swift */ = {isa = PBXFileReference; lastKnownFileType = sourcecode.swift; path = PostsMockInteractor.swift; sourceTree = "<group>"; };
		87E046A12B5D3506004D2E2F /* PostsNetworkMockGateway.swift */ = {isa = PBXFileReference; lastKnownFileType = sourcecode.swift; path = PostsNetworkMockGateway.swift; sourceTree = "<group>"; };
/* End PBXFileReference section */

/* Begin PBXFrameworksBuildPhase section */
		876FD42C285C786600EC24FD /* Frameworks */ = {
			isa = PBXFrameworksBuildPhase;
			buildActionMask = 2147483647;
			files = (
				87227F832B9079C400CF2370 /* VCore in Frameworks */,
				87846D8B29D4D2FF0071CDAC /* VCore in Frameworks */,
			);
			runOnlyForDeploymentPostprocessing = 0;
		};
/* End PBXFrameworksBuildPhase section */

/* Begin PBXGroup section */
		870B889F285F126E00B0D0AD /* Packages */ = {
			isa = PBXGroup;
			children = (
				870B88A0285F126E00B0D0AD /* ~VCore */,
				87846D8929D4D2FA0071CDAC /* ~VCore */,
			);
			name = Packages;
			sourceTree = "<group>";
		};
		870B88A1285F127E00B0D0AD /* Frameworks */ = {
			isa = PBXGroup;
			children = (
			);
			name = Frameworks;
			sourceTree = "<group>";
		};
		876FD426285C786600EC24FD = {
			isa = PBXGroup;
			children = (
				876FD431285C786600EC24FD /* UIKitVIPERExample */,
				870B889F285F126E00B0D0AD /* Packages */,
				870B88A1285F127E00B0D0AD /* Frameworks */,
				876FD430285C786600EC24FD /* Products */,
			);
			sourceTree = "<group>";
		};
		876FD430285C786600EC24FD /* Products */ = {
			isa = PBXGroup;
			children = (
				876FD42F285C786600EC24FD /* UIKitVIPERExample.app */,
			);
			name = Products;
			sourceTree = "<group>";
		};
		876FD431285C786600EC24FD /* UIKitVIPERExample */ = {
			isa = PBXGroup;
			children = (
				876FD448285C788900EC24FD /* App Info */,
				876FD446285C787600EC24FD /* App Control */,
				876FD447285C788000EC24FD /* Scenes */,
				876FD46D285C847200EC24FD /* Views */,
				876FD463285C7C4200EC24FD /* Gateways */,
				876FD460285C7C1B00EC24FD /* Helpers */,
				876FD449285C788F00EC24FD /* Resources */,
			);
			path = UIKitVIPERExample;
			sourceTree = "<group>";
		};
		876FD446285C787600EC24FD /* App Control */ = {
			isa = PBXGroup;
			children = (
				876FD432285C786600EC24FD /* AppDelegate.swift */,
				876FD434285C786600EC24FD /* SceneDelegate.swift */,
			);
			path = "App Control";
			sourceTree = "<group>";
		};
		876FD447285C788000EC24FD /* Scenes */ = {
			isa = PBXGroup;
			children = (
				876FD43D285C786700EC24FD /* LaunchScreen.storyboard */,
				876FD44A285C7B5900EC24FD /* Posts */,
				876FD47C285C977B00EC24FD /* Post Details */,
			);
			path = Scenes;
			sourceTree = "<group>";
		};
		876FD448285C788900EC24FD /* App Info */ = {
			isa = PBXGroup;
			children = (
				876FD440285C786700EC24FD /* Info.plist */,
			);
			name = "App Info";
			sourceTree = "<group>";
		};
		876FD449285C788F00EC24FD /* Resources */ = {
			isa = PBXGroup;
			children = (
				876FD43B285C786700EC24FD /* Images.xcassets */,
			);
			path = Resources;
			sourceTree = "<group>";
		};
		876FD44A285C7B5900EC24FD /* Posts */ = {
			isa = PBXGroup;
			children = (
				876FD44B285C7BBF00EC24FD /* PostsFactory.swift */,
				876FD44E285C7BBF00EC24FD /* PostsInterface.swift */,
				876FD44F285C7BBF00EC24FD /* PostsViewController.swift */,
				876FD44C285C7BBF00EC24FD /* PostsPresenter.swift */,
				876FD44D285C7BBF00EC24FD /* PostsRouter.swift */,
				876FD450285C7BBF00EC24FD /* PostsInteractor.swift */,
				87E0469F2B5D34EF004D2E2F /* PostsMockInteractor.swift */,
				876FD451285C7BBF00EC24FD /* PostsUIModel.swift */,
			);
			path = Posts;
			sourceTree = "<group>";
		};
		876FD460285C7C1B00EC24FD /* Helpers */ = {
			isa = PBXGroup;
			children = (
				876FD461285C7C2600EC24FD /* StandardNavigableBridge.swift */,
			);
			path = Helpers;
			sourceTree = "<group>";
		};
		876FD463285C7C4200EC24FD /* Gateways */ = {
			isa = PBXGroup;
			children = (
				876FD46C285C7C5500EC24FD /* Posts Gateway */,
			);
			path = Gateways;
			sourceTree = "<group>";
		};
		876FD46C285C7C5500EC24FD /* Posts Gateway */ = {
			isa = PBXGroup;
			children = (
				876FD467285C7C5100EC24FD /* PostsGateway.swift */,
				876FD466285C7C5100EC24FD /* PostsEntity.swift */,
				876FD464285C7C5100EC24FD /* PostsNetworkGateway.swift */,
				87E046A12B5D3506004D2E2F /* PostsNetworkMockGateway.swift */,
			);
			path = "Posts Gateway";
			sourceTree = "<group>";
		};
		876FD46D285C847200EC24FD /* Views */ = {
			isa = PBXGroup;
			children = (
				876FD46E285C847D00EC24FD /* Post Cell */,
			);
			path = Views;
			sourceTree = "<group>";
		};
		876FD46E285C847D00EC24FD /* Post Cell */ = {
			isa = PBXGroup;
			children = (
				876FD470285C848700EC24FD /* PostCell.swift */,
				876FD46F285C848700EC24FD /* PostCellParameters.swift */,
				876FD471285C848700EC24FD /* PostCellUIModel.swift */,
			);
			path = "Post Cell";
			sourceTree = "<group>";
		};
		876FD47C285C977B00EC24FD /* Post Details */ = {
			isa = PBXGroup;
			children = (
				876FD47D285C978E00EC24FD /* PostDetailsFactory.swift */,
				876FD484285C978E00EC24FD /* PostDetailsParameters.swift */,
				876FD480285C978E00EC24FD /* PostDetailsInterface.swift */,
				876FD481285C978E00EC24FD /* PostDetailsViewController.swift */,
				876FD47E285C978E00EC24FD /* PostDetailsPresenter.swift */,
				876FD483285C978E00EC24FD /* PostDetailsUIModel.swift */,
			);
			path = "Post Details";
			sourceTree = "<group>";
		};
/* End PBXGroup section */

/* Begin PBXNativeTarget section */
		876FD42E285C786600EC24FD /* UIKitVIPERExample */ = {
			isa = PBXNativeTarget;
			buildConfigurationList = 876FD443285C786700EC24FD /* Build configuration list for PBXNativeTarget "UIKitVIPERExample" */;
			buildPhases = (
				876FD42B285C786600EC24FD /* Sources */,
				876FD42C285C786600EC24FD /* Frameworks */,
				876FD42D285C786600EC24FD /* Resources */,
			);
			buildRules = (
			);
			dependencies = (
			);
			name = UIKitVIPERExample;
			packageProductDependencies = (
				87846D8A29D4D2FF0071CDAC /* VCore */,
				87227F822B9079C400CF2370 /* VCore */,
			);
			productName = UIKitVIPERExample;
			productReference = 876FD42F285C786600EC24FD /* UIKitVIPERExample.app */;
			productType = "com.apple.product-type.application";
		};
/* End PBXNativeTarget section */

/* Begin PBXProject section */
		876FD427285C786600EC24FD /* Project object */ = {
			isa = PBXProject;
			attributes = {
				BuildIndependentTargetsInParallel = 1;
				LastSwiftUpdateCheck = 1340;
				LastUpgradeCheck = 1340;
				TargetAttributes = {
					876FD42E285C786600EC24FD = {
						CreatedOnToolsVersion = 13.4.1;
					};
				};
			};
			buildConfigurationList = 876FD42A285C786600EC24FD /* Build configuration list for PBXProject "UIKitVIPERExample" */;
			compatibilityVersion = "Xcode 13.0";
			developmentRegion = en;
			hasScannedForEncodings = 0;
			knownRegions = (
				en,
				Base,
			);
			mainGroup = 876FD426285C786600EC24FD;
			packageReferences = (
				87227F812B9079C400CF2370 /* XCLocalSwiftPackageReference "../../.." */,
			);
			productRefGroup = 876FD430285C786600EC24FD /* Products */;
			projectDirPath = "";
			projectRoot = "";
			targets = (
				876FD42E285C786600EC24FD /* UIKitVIPERExample */,
			);
		};
/* End PBXProject section */

/* Begin PBXResourcesBuildPhase section */
		876FD42D285C786600EC24FD /* Resources */ = {
			isa = PBXResourcesBuildPhase;
			buildActionMask = 2147483647;
			files = (
				876FD43F285C786700EC24FD /* LaunchScreen.storyboard in Resources */,
				876FD43C285C786700EC24FD /* Images.xcassets in Resources */,
			);
			runOnlyForDeploymentPostprocessing = 0;
		};
/* End PBXResourcesBuildPhase section */

/* Begin PBXSourcesBuildPhase section */
		876FD42B285C786600EC24FD /* Sources */ = {
			isa = PBXSourcesBuildPhase;
			buildActionMask = 2147483647;
			files = (
				876FD455285C7BBF00EC24FD /* PostsRouter.swift in Sources */,
				876FD468285C7C5100EC24FD /* PostsNetworkGateway.swift in Sources */,
				876FD462285C7C2600EC24FD /* StandardNavigableBridge.swift in Sources */,
				876FD433285C786600EC24FD /* AppDelegate.swift in Sources */,
				876FD46A285C7C5100EC24FD /* PostsEntity.swift in Sources */,
				876FD474285C848700EC24FD /* PostCellUIModel.swift in Sources */,
				876FD459285C7BBF00EC24FD /* PostsUIModel.swift in Sources */,
				876FD46B285C7C5100EC24FD /* PostsGateway.swift in Sources */,
				876FD489285C978E00EC24FD /* PostDetailsViewController.swift in Sources */,
				876FD456285C7BBF00EC24FD /* PostsInterface.swift in Sources */,
				876FD488285C978E00EC24FD /* PostDetailsInterface.swift in Sources */,
				876FD486285C978E00EC24FD /* PostDetailsPresenter.swift in Sources */,
				876FD48C285C978E00EC24FD /* PostDetailsParameters.swift in Sources */,
				876FD457285C7BBF00EC24FD /* PostsViewController.swift in Sources */,
				87E046A22B5D3506004D2E2F /* PostsNetworkMockGateway.swift in Sources */,
				876FD453285C7BBF00EC24FD /* PostsFactory.swift in Sources */,
				876FD458285C7BBF00EC24FD /* PostsInteractor.swift in Sources */,
				876FD485285C978E00EC24FD /* PostDetailsFactory.swift in Sources */,
				876FD454285C7BBF00EC24FD /* PostsPresenter.swift in Sources */,
				876FD48B285C978E00EC24FD /* PostDetailsUIModel.swift in Sources */,
				87E046A02B5D34EF004D2E2F /* PostsMockInteractor.swift in Sources */,
				876FD472285C848700EC24FD /* PostCellParameters.swift in Sources */,
				876FD435285C786600EC24FD /* SceneDelegate.swift in Sources */,
				876FD473285C848700EC24FD /* PostCell.swift in Sources */,
			);
			runOnlyForDeploymentPostprocessing = 0;
		};
/* End PBXSourcesBuildPhase section */

/* Begin PBXVariantGroup section */
		876FD43D285C786700EC24FD /* LaunchScreen.storyboard */ = {
			isa = PBXVariantGroup;
			children = (
				876FD43E285C786700EC24FD /* Base */,
			);
			name = LaunchScreen.storyboard;
			sourceTree = "<group>";
		};
/* End PBXVariantGroup section */

/* Begin XCBuildConfiguration section */
		876FD441285C786700EC24FD /* Debug */ = {
			isa = XCBuildConfiguration;
			buildSettings = {
				ALWAYS_SEARCH_USER_PATHS = NO;
				CLANG_ANALYZER_NONNULL = YES;
				CLANG_ANALYZER_NUMBER_OBJECT_CONVERSION = YES_AGGRESSIVE;
				CLANG_CXX_LANGUAGE_STANDARD = "gnu++17";
				CLANG_ENABLE_MODULES = YES;
				CLANG_ENABLE_OBJC_ARC = YES;
				CLANG_ENABLE_OBJC_WEAK = YES;
				CLANG_WARN_BLOCK_CAPTURE_AUTORELEASING = YES;
				CLANG_WARN_BOOL_CONVERSION = YES;
				CLANG_WARN_COMMA = YES;
				CLANG_WARN_CONSTANT_CONVERSION = YES;
				CLANG_WARN_DEPRECATED_OBJC_IMPLEMENTATIONS = YES;
				CLANG_WARN_DIRECT_OBJC_ISA_USAGE = YES_ERROR;
				CLANG_WARN_DOCUMENTATION_COMMENTS = YES;
				CLANG_WARN_EMPTY_BODY = YES;
				CLANG_WARN_ENUM_CONVERSION = YES;
				CLANG_WARN_INFINITE_RECURSION = YES;
				CLANG_WARN_INT_CONVERSION = YES;
				CLANG_WARN_NON_LITERAL_NULL_CONVERSION = YES;
				CLANG_WARN_OBJC_IMPLICIT_RETAIN_SELF = YES;
				CLANG_WARN_OBJC_LITERAL_CONVERSION = YES;
				CLANG_WARN_OBJC_ROOT_CLASS = YES_ERROR;
				CLANG_WARN_QUOTED_INCLUDE_IN_FRAMEWORK_HEADER = YES;
				CLANG_WARN_RANGE_LOOP_ANALYSIS = YES;
				CLANG_WARN_STRICT_PROTOTYPES = YES;
				CLANG_WARN_SUSPICIOUS_MOVE = YES;
				CLANG_WARN_UNGUARDED_AVAILABILITY = YES_AGGRESSIVE;
				CLANG_WARN_UNREACHABLE_CODE = YES;
				CLANG_WARN__DUPLICATE_METHOD_MATCH = YES;
				COPY_PHASE_STRIP = NO;
				DEBUG_INFORMATION_FORMAT = dwarf;
				ENABLE_STRICT_OBJC_MSGSEND = YES;
				ENABLE_TESTABILITY = YES;
				GCC_C_LANGUAGE_STANDARD = gnu11;
				GCC_DYNAMIC_NO_PIC = NO;
				GCC_NO_COMMON_BLOCKS = YES;
				GCC_OPTIMIZATION_LEVEL = 0;
				GCC_PREPROCESSOR_DEFINITIONS = (
					"DEBUG=1",
					"$(inherited)",
				);
				GCC_WARN_64_TO_32_BIT_CONVERSION = YES;
				GCC_WARN_ABOUT_RETURN_TYPE = YES_ERROR;
				GCC_WARN_UNDECLARED_SELECTOR = YES;
				GCC_WARN_UNINITIALIZED_AUTOS = YES_AGGRESSIVE;
				GCC_WARN_UNUSED_FUNCTION = YES;
				GCC_WARN_UNUSED_VARIABLE = YES;
				IPHONEOS_DEPLOYMENT_TARGET = 17.0;
				MTL_ENABLE_DEBUG_INFO = INCLUDE_SOURCE;
				MTL_FAST_MATH = YES;
				ONLY_ACTIVE_ARCH = YES;
				SDKROOT = iphoneos;
				SWIFT_ACTIVE_COMPILATION_CONDITIONS = DEBUG;
				SWIFT_OPTIMIZATION_LEVEL = "-Onone";
			};
			name = Debug;
		};
		876FD442285C786700EC24FD /* Release */ = {
			isa = XCBuildConfiguration;
			buildSettings = {
				ALWAYS_SEARCH_USER_PATHS = NO;
				CLANG_ANALYZER_NONNULL = YES;
				CLANG_ANALYZER_NUMBER_OBJECT_CONVERSION = YES_AGGRESSIVE;
				CLANG_CXX_LANGUAGE_STANDARD = "gnu++17";
				CLANG_ENABLE_MODULES = YES;
				CLANG_ENABLE_OBJC_ARC = YES;
				CLANG_ENABLE_OBJC_WEAK = YES;
				CLANG_WARN_BLOCK_CAPTURE_AUTORELEASING = YES;
				CLANG_WARN_BOOL_CONVERSION = YES;
				CLANG_WARN_COMMA = YES;
				CLANG_WARN_CONSTANT_CONVERSION = YES;
				CLANG_WARN_DEPRECATED_OBJC_IMPLEMENTATIONS = YES;
				CLANG_WARN_DIRECT_OBJC_ISA_USAGE = YES_ERROR;
				CLANG_WARN_DOCUMENTATION_COMMENTS = YES;
				CLANG_WARN_EMPTY_BODY = YES;
				CLANG_WARN_ENUM_CONVERSION = YES;
				CLANG_WARN_INFINITE_RECURSION = YES;
				CLANG_WARN_INT_CONVERSION = YES;
				CLANG_WARN_NON_LITERAL_NULL_CONVERSION = YES;
				CLANG_WARN_OBJC_IMPLICIT_RETAIN_SELF = YES;
				CLANG_WARN_OBJC_LITERAL_CONVERSION = YES;
				CLANG_WARN_OBJC_ROOT_CLASS = YES_ERROR;
				CLANG_WARN_QUOTED_INCLUDE_IN_FRAMEWORK_HEADER = YES;
				CLANG_WARN_RANGE_LOOP_ANALYSIS = YES;
				CLANG_WARN_STRICT_PROTOTYPES = YES;
				CLANG_WARN_SUSPICIOUS_MOVE = YES;
				CLANG_WARN_UNGUARDED_AVAILABILITY = YES_AGGRESSIVE;
				CLANG_WARN_UNREACHABLE_CODE = YES;
				CLANG_WARN__DUPLICATE_METHOD_MATCH = YES;
				COPY_PHASE_STRIP = NO;
				DEBUG_INFORMATION_FORMAT = "dwarf-with-dsym";
				ENABLE_NS_ASSERTIONS = NO;
				ENABLE_STRICT_OBJC_MSGSEND = YES;
				GCC_C_LANGUAGE_STANDARD = gnu11;
				GCC_NO_COMMON_BLOCKS = YES;
				GCC_WARN_64_TO_32_BIT_CONVERSION = YES;
				GCC_WARN_ABOUT_RETURN_TYPE = YES_ERROR;
				GCC_WARN_UNDECLARED_SELECTOR = YES;
				GCC_WARN_UNINITIALIZED_AUTOS = YES_AGGRESSIVE;
				GCC_WARN_UNUSED_FUNCTION = YES;
				GCC_WARN_UNUSED_VARIABLE = YES;
				IPHONEOS_DEPLOYMENT_TARGET = 17.0;
				MTL_ENABLE_DEBUG_INFO = NO;
				MTL_FAST_MATH = YES;
				SDKROOT = iphoneos;
				SWIFT_COMPILATION_MODE = wholemodule;
				SWIFT_OPTIMIZATION_LEVEL = "-O";
				VALIDATE_PRODUCT = YES;
			};
			name = Release;
		};
		876FD444285C786700EC24FD /* Debug */ = {
			isa = XCBuildConfiguration;
			buildSettings = {
				ASSETCATALOG_COMPILER_APPICON_NAME = AppIcon;
				ASSETCATALOG_COMPILER_GLOBAL_ACCENT_COLOR_NAME = AccentColor;
				CODE_SIGN_STYLE = Automatic;
				CURRENT_PROJECT_VERSION = 1;
				DEVELOPMENT_TEAM = XRWP42VX24;
				GENERATE_INFOPLIST_FILE = YES;
				INFOPLIST_FILE = UIKitVIPERExample/Info.plist;
				INFOPLIST_KEY_CFBundleDisplayName = "UIKit VIPER";
				INFOPLIST_KEY_UIApplicationSupportsIndirectInputEvents = YES;
				INFOPLIST_KEY_UILaunchStoryboardName = LaunchScreen;
				INFOPLIST_KEY_UISupportedInterfaceOrientations = UIInterfaceOrientationPortrait;
				IPHONEOS_DEPLOYMENT_TARGET = 17.0;
				LD_RUNPATH_SEARCH_PATHS = (
					"$(inherited)",
					"@executable_path/Frameworks",
				);
				MARKETING_VERSION = 1.0;
				PRODUCT_BUNDLE_IDENTIFIER = "com.vakhtang-kontridze.UIKitVIPERExample";
				PRODUCT_NAME = "$(TARGET_NAME)";
				SWIFT_EMIT_LOC_STRINGS = YES;
				SWIFT_VERSION = 5.0;
				TARGETED_DEVICE_FAMILY = "1,2";
			};
			name = Debug;
		};
		876FD445285C786700EC24FD /* Release */ = {
			isa = XCBuildConfiguration;
			buildSettings = {
				ASSETCATALOG_COMPILER_APPICON_NAME = AppIcon;
				ASSETCATALOG_COMPILER_GLOBAL_ACCENT_COLOR_NAME = AccentColor;
				CODE_SIGN_STYLE = Automatic;
				CURRENT_PROJECT_VERSION = 1;
				DEVELOPMENT_TEAM = XRWP42VX24;
				GENERATE_INFOPLIST_FILE = YES;
				INFOPLIST_FILE = UIKitVIPERExample/Info.plist;
				INFOPLIST_KEY_CFBundleDisplayName = "UIKit VIPER";
				INFOPLIST_KEY_UIApplicationSupportsIndirectInputEvents = YES;
				INFOPLIST_KEY_UILaunchStoryboardName = LaunchScreen;
				INFOPLIST_KEY_UISupportedInterfaceOrientations = UIInterfaceOrientationPortrait;
				IPHONEOS_DEPLOYMENT_TARGET = 17.0;
				LD_RUNPATH_SEARCH_PATHS = (
					"$(inherited)",
					"@executable_path/Frameworks",
				);
				MARKETING_VERSION = 1.0;
				PRODUCT_BUNDLE_IDENTIFIER = "com.vakhtang-kontridze.UIKitVIPERExample";
				PRODUCT_NAME = "$(TARGET_NAME)";
				SWIFT_EMIT_LOC_STRINGS = YES;
				SWIFT_VERSION = 5.0;
				TARGETED_DEVICE_FAMILY = "1,2";
			};
			name = Release;
		};
/* End XCBuildConfiguration section */

/* Begin XCConfigurationList section */
		876FD42A285C786600EC24FD /* Build configuration list for PBXProject "UIKitVIPERExample" */ = {
			isa = XCConfigurationList;
			buildConfigurations = (
				876FD441285C786700EC24FD /* Debug */,
				876FD442285C786700EC24FD /* Release */,
			);
			defaultConfigurationIsVisible = 0;
			defaultConfigurationName = Release;
		};
		876FD443285C786700EC24FD /* Build configuration list for PBXNativeTarget "UIKitVIPERExample" */ = {
			isa = XCConfigurationList;
			buildConfigurations = (
				876FD444285C786700EC24FD /* Debug */,
				876FD445285C786700EC24FD /* Release */,
			);
			defaultConfigurationIsVisible = 0;
			defaultConfigurationName = Release;
		};
/* End XCConfigurationList section */

/* Begin XCLocalSwiftPackageReference section */
		87227F812B9079C400CF2370 /* XCLocalSwiftPackageReference "../../.." */ = {
			isa = XCLocalSwiftPackageReference;
			relativePath = ../../..;
		};
/* End XCLocalSwiftPackageReference section */

/* Begin XCSwiftPackageProductDependency section */
		87227F822B9079C400CF2370 /* VCore */ = {
			isa = XCSwiftPackageProductDependency;
			productName = VCore;
		};
		87846D8A29D4D2FF0071CDAC /* VCore */ = {
			isa = XCSwiftPackageProductDependency;
			productName = VCore;
		};
/* End XCSwiftPackageProductDependency section */
	};
	rootObject = 876FD427285C786600EC24FD /* Project object */;
}
