// !$*UTF8*$!
{
	archiveVersion = 1;
	classes = {
	};
	objectVersion = 55;
	objects = {

/* Begin PBXBuildFile section */
		87E7392D281A8F77002C49BB /* Assets.xcassets in Resources */ = {isa = PBXBuildFile; fileRef = 87E73924281A8F77002C49BB /* Assets.xcassets */; };
		87E7392E281A8F77002C49BB /* RootScene.swift in Sources */ = {isa = PBXBuildFile; fileRef = 87E73926281A8F77002C49BB /* RootScene.swift */; };
		87E7392F281A8F77002C49BB /* LaunchScreen.storyboard in Resources */ = {isa = PBXBuildFile; fileRef = 87E73927281A8F77002C49BB /* LaunchScreen.storyboard */; };
		87E73931281A8F77002C49BB /* AppDelegate.swift in Sources */ = {isa = PBXBuildFile; fileRef = 87E7392B281A8F77002C49BB /* AppDelegate.swift */; };
		87E73932281A8F77002C49BB /* SceneDelegate.swift in Sources */ = {isa = PBXBuildFile; fileRef = 87E7392C281A8F77002C49BB /* SceneDelegate.swift */; };
		87E73938281A8FCF002C49BB /* VCore in Frameworks */ = {isa = PBXBuildFile; productRef = 87E73937281A8FCF002C49BB /* VCore */; };
/* End PBXBuildFile section */

/* Begin PBXFileReference section */
		87E73904281A8F45002C49BB /* VCoreDemo.app */ = {isa = PBXFileReference; explicitFileType = wrapper.application; includeInIndex = 0; path = VCoreDemo.app; sourceTree = BUILT_PRODUCTS_DIR; };
		87E73924281A8F77002C49BB /* Assets.xcassets */ = {isa = PBXFileReference; lastKnownFileType = folder.assetcatalog; path = Assets.xcassets; sourceTree = "<group>"; };
		87E73926281A8F77002C49BB /* RootScene.swift */ = {isa = PBXFileReference; fileEncoding = 4; lastKnownFileType = sourcecode.swift; path = RootScene.swift; sourceTree = "<group>"; };
		87E73928281A8F77002C49BB /* Base */ = {isa = PBXFileReference; lastKnownFileType = file.storyboard; name = Base; path = Base.lproj/LaunchScreen.storyboard; sourceTree = "<group>"; };
		87E73929281A8F77002C49BB /* Info.plist */ = {isa = PBXFileReference; fileEncoding = 4; lastKnownFileType = text.plist.xml; path = Info.plist; sourceTree = "<group>"; };
		87E7392B281A8F77002C49BB /* AppDelegate.swift */ = {isa = PBXFileReference; fileEncoding = 4; lastKnownFileType = sourcecode.swift; path = AppDelegate.swift; sourceTree = "<group>"; };
		87E7392C281A8F77002C49BB /* SceneDelegate.swift */ = {isa = PBXFileReference; fileEncoding = 4; lastKnownFileType = sourcecode.swift; path = SceneDelegate.swift; sourceTree = "<group>"; };
		87E73935281A8FC8002C49BB /* ~VCore */ = {isa = PBXFileReference; lastKnownFileType = wrapper; name = "~VCore"; path = ..; sourceTree = "<group>"; };
/* End PBXFileReference section */

/* Begin PBXFrameworksBuildPhase section */
		87E73901281A8F45002C49BB /* Frameworks */ = {
			isa = PBXFrameworksBuildPhase;
			buildActionMask = 2147483647;
			files = (
				87E73938281A8FCF002C49BB /* VCore in Frameworks */,
			);
			runOnlyForDeploymentPostprocessing = 0;
		};
/* End PBXFrameworksBuildPhase section */

/* Begin PBXGroup section */
		87E738FB281A8F45002C49BB = {
			isa = PBXGroup;
			children = (
				87E73906281A8F45002C49BB /* VCoreDemo */,
				87E73934281A8FC8002C49BB /* Packages */,
				87E73936281A8FCF002C49BB /* Frameworks */,
				87E73905281A8F45002C49BB /* Products */,
			);
			sourceTree = "<group>";
		};
		87E73905281A8F45002C49BB /* Products */ = {
			isa = PBXGroup;
			children = (
				87E73904281A8F45002C49BB /* VCoreDemo.app */,
			);
			name = Products;
			sourceTree = "<group>";
		};
		87E73906281A8F45002C49BB /* VCoreDemo */ = {
			isa = PBXGroup;
			children = (
				87E73933281A8F80002C49BB /* App Info */,
				87E7392A281A8F77002C49BB /* App Control */,
				87E73925281A8F77002C49BB /* Scenes */,
				87E73923281A8F77002C49BB /* Resources */,
			);
			path = VCoreDemo;
			sourceTree = "<group>";
		};
		87E73923281A8F77002C49BB /* Resources */ = {
			isa = PBXGroup;
			children = (
				87E73924281A8F77002C49BB /* Assets.xcassets */,
			);
			path = Resources;
			sourceTree = "<group>";
		};
		87E73925281A8F77002C49BB /* Scenes */ = {
			isa = PBXGroup;
			children = (
				87E73927281A8F77002C49BB /* LaunchScreen.storyboard */,
				87E73926281A8F77002C49BB /* RootScene.swift */,
			);
			path = Scenes;
			sourceTree = "<group>";
		};
		87E7392A281A8F77002C49BB /* App Control */ = {
			isa = PBXGroup;
			children = (
				87E7392B281A8F77002C49BB /* AppDelegate.swift */,
				87E7392C281A8F77002C49BB /* SceneDelegate.swift */,
			);
			path = "App Control";
			sourceTree = "<group>";
		};
		87E73933281A8F80002C49BB /* App Info */ = {
			isa = PBXGroup;
			children = (
				87E73929281A8F77002C49BB /* Info.plist */,
			);
			name = "App Info";
			sourceTree = "<group>";
		};
		87E73934281A8FC8002C49BB /* Packages */ = {
			isa = PBXGroup;
			children = (
				87E73935281A8FC8002C49BB /* ~VCore */,
			);
			name = Packages;
			sourceTree = "<group>";
		};
		87E73936281A8FCF002C49BB /* Frameworks */ = {
			isa = PBXGroup;
			children = (
			);
			name = Frameworks;
			sourceTree = "<group>";
		};
/* End PBXGroup section */

/* Begin PBXNativeTarget section */
		87E73903281A8F45002C49BB /* VCoreDemo */ = {
			isa = PBXNativeTarget;
			buildConfigurationList = 87E73918281A8F46002C49BB /* Build configuration list for PBXNativeTarget "VCoreDemo" */;
			buildPhases = (
				87E73900281A8F45002C49BB /* Sources */,
				87E73901281A8F45002C49BB /* Frameworks */,
				87E73902281A8F45002C49BB /* Resources */,
			);
			buildRules = (
			);
			dependencies = (
			);
			name = VCoreDemo;
			packageProductDependencies = (
				87E73937281A8FCF002C49BB /* VCore */,
			);
			productName = VCoreDemo;
			productReference = 87E73904281A8F45002C49BB /* VCoreDemo.app */;
			productType = "com.apple.product-type.application";
		};
/* End PBXNativeTarget section */

/* Begin PBXProject section */
		87E738FC281A8F45002C49BB /* Project object */ = {
			isa = PBXProject;
			attributes = {
				BuildIndependentTargetsInParallel = 1;
				LastSwiftUpdateCheck = 1330;
				LastUpgradeCheck = 1330;
				TargetAttributes = {
					87E73903281A8F45002C49BB = {
						CreatedOnToolsVersion = 13.3.1;
					};
				};
			};
			buildConfigurationList = 87E738FF281A8F45002C49BB /* Build configuration list for PBXProject "VCoreDemo" */;
			compatibilityVersion = "Xcode 13.0";
			developmentRegion = en;
			hasScannedForEncodings = 0;
			knownRegions = (
				en,
				Base,
			);
			mainGroup = 87E738FB281A8F45002C49BB;
			productRefGroup = 87E73905281A8F45002C49BB /* Products */;
			projectDirPath = "";
			projectRoot = "";
			targets = (
				87E73903281A8F45002C49BB /* VCoreDemo */,
			);
		};
/* End PBXProject section */

/* Begin PBXResourcesBuildPhase section */
		87E73902281A8F45002C49BB /* Resources */ = {
			isa = PBXResourcesBuildPhase;
			buildActionMask = 2147483647;
			files = (
				87E7392D281A8F77002C49BB /* Assets.xcassets in Resources */,
				87E7392F281A8F77002C49BB /* LaunchScreen.storyboard in Resources */,
			);
			runOnlyForDeploymentPostprocessing = 0;
		};
/* End PBXResourcesBuildPhase section */

/* Begin PBXSourcesBuildPhase section */
		87E73900281A8F45002C49BB /* Sources */ = {
			isa = PBXSourcesBuildPhase;
			buildActionMask = 2147483647;
			files = (
				87E73931281A8F77002C49BB /* AppDelegate.swift in Sources */,
				87E7392E281A8F77002C49BB /* RootScene.swift in Sources */,
				87E73932281A8F77002C49BB /* SceneDelegate.swift in Sources */,
			);
			runOnlyForDeploymentPostprocessing = 0;
		};
/* End PBXSourcesBuildPhase section */

/* Begin PBXVariantGroup section */
		87E73927281A8F77002C49BB /* LaunchScreen.storyboard */ = {
			isa = PBXVariantGroup;
			children = (
				87E73928281A8F77002C49BB /* Base */,
			);
			name = LaunchScreen.storyboard;
			sourceTree = "<group>";
		};
/* End PBXVariantGroup section */

/* Begin XCBuildConfiguration section */
		87E73916281A8F46002C49BB /* Debug */ = {
			isa = XCBuildConfiguration;
			buildSettings = {
				ALWAYS_SEARCH_USER_PATHS = NO;
				CLANG_ANALYZER_NONNULL = YES;
				CLANG_ANALYZER_NUMBER_OBJECT_CONVERSION = YES_AGGRESSIVE;
				CLANG_CXX_LANGUAGE_STANDARD = "gnu++17";
				CLANG_ENABLE_MODULES = YES;
				CLANG_ENABLE_OBJC_ARC = YES;
				CLANG_ENABLE_OBJC_WEAK = YES;
				CLANG_WARN_BLOCK_CAPTURE_AUTORELEASING = YES;
				CLANG_WARN_BOOL_CONVERSION = YES;
				CLANG_WARN_COMMA = YES;
				CLANG_WARN_CONSTANT_CONVERSION = YES;
				CLANG_WARN_DEPRECATED_OBJC_IMPLEMENTATIONS = YES;
				CLANG_WARN_DIRECT_OBJC_ISA_USAGE = YES_ERROR;
				CLANG_WARN_DOCUMENTATION_COMMENTS = YES;
				CLANG_WARN_EMPTY_BODY = YES;
				CLANG_WARN_ENUM_CONVERSION = YES;
				CLANG_WARN_INFINITE_RECURSION = YES;
				CLANG_WARN_INT_CONVERSION = YES;
				CLANG_WARN_NON_LITERAL_NULL_CONVERSION = YES;
				CLANG_WARN_OBJC_IMPLICIT_RETAIN_SELF = YES;
				CLANG_WARN_OBJC_LITERAL_CONVERSION = YES;
				CLANG_WARN_OBJC_ROOT_CLASS = YES_ERROR;
				CLANG_WARN_QUOTED_INCLUDE_IN_FRAMEWORK_HEADER = YES;
				CLANG_WARN_RANGE_LOOP_ANALYSIS = YES;
				CLANG_WARN_STRICT_PROTOTYPES = YES;
				CLANG_WARN_SUSPICIOUS_MOVE = YES;
				CLANG_WARN_UNGUARDED_AVAILABILITY = YES_AGGRESSIVE;
				CLANG_WARN_UNREACHABLE_CODE = YES;
				CLANG_WARN__DUPLICATE_METHOD_MATCH = YES;
				COPY_PHASE_STRIP = NO;
				DEBUG_INFORMATION_FORMAT = dwarf;
				ENABLE_STRICT_OBJC_MSGSEND = YES;
				ENABLE_TESTABILITY = YES;
				GCC_C_LANGUAGE_STANDARD = gnu11;
				GCC_DYNAMIC_NO_PIC = NO;
				GCC_NO_COMMON_BLOCKS = YES;
				GCC_OPTIMIZATION_LEVEL = 0;
				GCC_PREPROCESSOR_DEFINITIONS = (
					"DEBUG=1",
					"$(inherited)",
				);
				GCC_WARN_64_TO_32_BIT_CONVERSION = YES;
				GCC_WARN_ABOUT_RETURN_TYPE = YES_ERROR;
				GCC_WARN_UNDECLARED_SELECTOR = YES;
				GCC_WARN_UNINITIALIZED_AUTOS = YES_AGGRESSIVE;
				GCC_WARN_UNUSED_FUNCTION = YES;
				GCC_WARN_UNUSED_VARIABLE = YES;
				IPHONEOS_DEPLOYMENT_TARGET = 13.0;
				MTL_ENABLE_DEBUG_INFO = INCLUDE_SOURCE;
				MTL_FAST_MATH = YES;
				ONLY_ACTIVE_ARCH = YES;
				SDKROOT = iphoneos;
				SWIFT_ACTIVE_COMPILATION_CONDITIONS = DEBUG;
				SWIFT_OPTIMIZATION_LEVEL = "-Onone";
			};
			name = Debug;
		};
		87E73917281A8F46002C49BB /* Release */ = {
			isa = XCBuildConfiguration;
			buildSettings = {
				ALWAYS_SEARCH_USER_PATHS = NO;
				CLANG_ANALYZER_NONNULL = YES;
				CLANG_ANALYZER_NUMBER_OBJECT_CONVERSION = YES_AGGRESSIVE;
				CLANG_CXX_LANGUAGE_STANDARD = "gnu++17";
				CLANG_ENABLE_MODULES = YES;
				CLANG_ENABLE_OBJC_ARC = YES;
				CLANG_ENABLE_OBJC_WEAK = YES;
				CLANG_WARN_BLOCK_CAPTURE_AUTORELEASING = YES;
				CLANG_WARN_BOOL_CONVERSION = YES;
				CLANG_WARN_COMMA = YES;
				CLANG_WARN_CONSTANT_CONVERSION = YES;
				CLANG_WARN_DEPRECATED_OBJC_IMPLEMENTATIONS = YES;
				CLANG_WARN_DIRECT_OBJC_ISA_USAGE = YES_ERROR;
				CLANG_WARN_DOCUMENTATION_COMMENTS = YES;
				CLANG_WARN_EMPTY_BODY = YES;
				CLANG_WARN_ENUM_CONVERSION = YES;
				CLANG_WARN_INFINITE_RECURSION = YES;
				CLANG_WARN_INT_CONVERSION = YES;
				CLANG_WARN_NON_LITERAL_NULL_CONVERSION = YES;
				CLANG_WARN_OBJC_IMPLICIT_RETAIN_SELF = YES;
				CLANG_WARN_OBJC_LITERAL_CONVERSION = YES;
				CLANG_WARN_OBJC_ROOT_CLASS = YES_ERROR;
				CLANG_WARN_QUOTED_INCLUDE_IN_FRAMEWORK_HEADER = YES;
				CLANG_WARN_RANGE_LOOP_ANALYSIS = YES;
				CLANG_WARN_STRICT_PROTOTYPES = YES;
				CLANG_WARN_SUSPICIOUS_MOVE = YES;
				CLANG_WARN_UNGUARDED_AVAILABILITY = YES_AGGRESSIVE;
				CLANG_WARN_UNREACHABLE_CODE = YES;
				CLANG_WARN__DUPLICATE_METHOD_MATCH = YES;
				COPY_PHASE_STRIP = NO;
				DEBUG_INFORMATION_FORMAT = "dwarf-with-dsym";
				ENABLE_NS_ASSERTIONS = NO;
				ENABLE_STRICT_OBJC_MSGSEND = YES;
				GCC_C_LANGUAGE_STANDARD = gnu11;
				GCC_NO_COMMON_BLOCKS = YES;
				GCC_WARN_64_TO_32_BIT_CONVERSION = YES;
				GCC_WARN_ABOUT_RETURN_TYPE = YES_ERROR;
				GCC_WARN_UNDECLARED_SELECTOR = YES;
				GCC_WARN_UNINITIALIZED_AUTOS = YES_AGGRESSIVE;
				GCC_WARN_UNUSED_FUNCTION = YES;
				GCC_WARN_UNUSED_VARIABLE = YES;
				IPHONEOS_DEPLOYMENT_TARGET = 13.0;
				MTL_ENABLE_DEBUG_INFO = NO;
				MTL_FAST_MATH = YES;
				SDKROOT = iphoneos;
				SWIFT_COMPILATION_MODE = wholemodule;
				SWIFT_OPTIMIZATION_LEVEL = "-O";
				VALIDATE_PRODUCT = YES;
			};
			name = Release;
		};
		87E73919281A8F46002C49BB /* Debug */ = {
			isa = XCBuildConfiguration;
			buildSettings = {
				ASSETCATALOG_COMPILER_APPICON_NAME = AppIcon;
				ASSETCATALOG_COMPILER_GLOBAL_ACCENT_COLOR_NAME = AccentColor;
				CODE_SIGN_STYLE = Automatic;
				CURRENT_PROJECT_VERSION = 1;
				DEVELOPMENT_TEAM = XRWP42VX24;
				GENERATE_INFOPLIST_FILE = YES;
				INFOPLIST_FILE = VCoreDemo/Info.plist;
				INFOPLIST_KEY_CFBundleDisplayName = VCore;
				INFOPLIST_KEY_UIApplicationSupportsIndirectInputEvents = YES;
				INFOPLIST_KEY_UILaunchStoryboardName = LaunchScreen;
				INFOPLIST_KEY_UIRequiredDeviceCapabilities = armv7;
				INFOPLIST_KEY_UISupportedInterfaceOrientations = UIInterfaceOrientationPortrait;
				INFOPLIST_KEY_UISupportedInterfaceOrientations_iPad = "UIInterfaceOrientationPortrait UIInterfaceOrientationPortraitUpsideDown UIInterfaceOrientationLandscapeLeft UIInterfaceOrientationLandscapeRight";
				INFOPLIST_KEY_UISupportedInterfaceOrientations_iPhone = "UIInterfaceOrientationPortrait UIInterfaceOrientationLandscapeLeft UIInterfaceOrientationLandscapeRight";
				IPHONEOS_DEPLOYMENT_TARGET = 13.0;
				LD_RUNPATH_SEARCH_PATHS = (
					"$(inherited)",
					"@executable_path/Frameworks",
				);
				MARKETING_VERSION = 1.0;
				PRODUCT_BUNDLE_IDENTIFIER = "com.vakhtang-kontridze.vcore-demo";
				PRODUCT_NAME = "$(TARGET_NAME)";
				SWIFT_EMIT_LOC_STRINGS = YES;
				SWIFT_VERSION = 5.0;
				TARGETED_DEVICE_FAMILY = "1,2";
			};
			name = Debug;
		};
		87E7391A281A8F46002C49BB /* Release */ = {
			isa = XCBuildConfiguration;
			buildSettings = {
				ASSETCATALOG_COMPILER_APPICON_NAME = AppIcon;
				ASSETCATALOG_COMPILER_GLOBAL_ACCENT_COLOR_NAME = AccentColor;
				CODE_SIGN_STYLE = Automatic;
				CURRENT_PROJECT_VERSION = 1;
				DEVELOPMENT_TEAM = XRWP42VX24;
				GENERATE_INFOPLIST_FILE = YES;
				INFOPLIST_FILE = VCoreDemo/Info.plist;
				INFOPLIST_KEY_CFBundleDisplayName = VCore;
				INFOPLIST_KEY_UIApplicationSupportsIndirectInputEvents = YES;
				INFOPLIST_KEY_UILaunchStoryboardName = LaunchScreen;
				INFOPLIST_KEY_UIRequiredDeviceCapabilities = armv7;
				INFOPLIST_KEY_UISupportedInterfaceOrientations = UIInterfaceOrientationPortrait;
				INFOPLIST_KEY_UISupportedInterfaceOrientations_iPad = "UIInterfaceOrientationPortrait UIInterfaceOrientationPortraitUpsideDown UIInterfaceOrientationLandscapeLeft UIInterfaceOrientationLandscapeRight";
				INFOPLIST_KEY_UISupportedInterfaceOrientations_iPhone = "UIInterfaceOrientationPortrait UIInterfaceOrientationLandscapeLeft UIInterfaceOrientationLandscapeRight";
				IPHONEOS_DEPLOYMENT_TARGET = 13.0;
				LD_RUNPATH_SEARCH_PATHS = (
					"$(inherited)",
					"@executable_path/Frameworks",
				);
				MARKETING_VERSION = 1.0;
				PRODUCT_BUNDLE_IDENTIFIER = "com.vakhtang-kontridze.vcore-demo";
				PRODUCT_NAME = "$(TARGET_NAME)";
				SWIFT_EMIT_LOC_STRINGS = YES;
				SWIFT_VERSION = 5.0;
				TARGETED_DEVICE_FAMILY = "1,2";
			};
			name = Release;
		};
/* End XCBuildConfiguration section */

/* Begin XCConfigurationList section */
		87E738FF281A8F45002C49BB /* Build configuration list for PBXProject "VCoreDemo" */ = {
			isa = XCConfigurationList;
			buildConfigurations = (
				87E73916281A8F46002C49BB /* Debug */,
				87E73917281A8F46002C49BB /* Release */,
			);
			defaultConfigurationIsVisible = 0;
			defaultConfigurationName = Release;
		};
		87E73918281A8F46002C49BB /* Build configuration list for PBXNativeTarget "VCoreDemo" */ = {
			isa = XCConfigurationList;
			buildConfigurations = (
				87E73919281A8F46002C49BB /* Debug */,
				87E7391A281A8F46002C49BB /* Release */,
			);
			defaultConfigurationIsVisible = 0;
			defaultConfigurationName = Release;
		};
/* End XCConfigurationList section */

/* Begin XCSwiftPackageProductDependency section */
		87E73937281A8FCF002C49BB /* VCore */ = {
			isa = XCSwiftPackageProductDependency;
			productName = VCore;
		};
/* End XCSwiftPackageProductDependency section */
	};
	rootObject = 87E738FC281A8F45002C49BB /* Project object */;
}
