// !$*UTF8*$!
{
	archiveVersion = 1;
	classes = {
	};
	objectVersion = 50;
	objects = {

/* Begin PBXBuildFile section */
		173C2C93270DDCD6006BEAF3 /* View.ConditionalModifiers.swift in Sources */ = {isa = PBXBuildFile; fileRef = 173C2C92270DDCD6006BEAF3 /* View.ConditionalModifiers.swift */; };
		173C2C95270DDE16006BEAF3 /* View.CustomFrames.swift in Sources */ = {isa = PBXBuildFile; fileRef = 173C2C94270DDE16006BEAF3 /* View.CustomFrames.swift */; };
		173C2C97270DDFF2006BEAF3 /* View.ReadSize.swift in Sources */ = {isa = PBXBuildFile; fileRef = 173C2C96270DDFF2006BEAF3 /* View.ReadSize.swift */; };
		173C2C99270DF000006BEAF3 /* View.CornerRadius.swift in Sources */ = {isa = PBXBuildFile; fileRef = 173C2C98270DF000006BEAF3 /* View.CornerRadius.swift */; };
		173C2E492711680D006BEAF3 /* Deprecations.swift in Sources */ = {isa = PBXBuildFile; fileRef = 173C2E482711680D006BEAF3 /* Deprecations.swift */; };
		173C2E4C271169E8006BEAF3 /* NetworkRequestMethod.swift in Sources */ = {isa = PBXBuildFile; fileRef = 173C2E4B271169E8006BEAF3 /* NetworkRequestMethod.swift */; };
		173C2E5127118889006BEAF3 /* NetworkURLParametersRequestMethodService.swift in Sources */ = {isa = PBXBuildFile; fileRef = 173C2E5027118889006BEAF3 /* NetworkURLParametersRequestMethodService.swift */; };
		173C2E5327118970006BEAF3 /* NetworkBodyParametersRequestMethodService.swift in Sources */ = {isa = PBXBuildFile; fileRef = 173C2E5227118970006BEAF3 /* NetworkBodyParametersRequestMethodService.swift */; };
		173C2E5627118B0B006BEAF3 /* NetworkRequestMethodServices.swift in Sources */ = {isa = PBXBuildFile; fileRef = 173C2E5527118B0B006BEAF3 /* NetworkRequestMethodServices.swift */; };
		173C2E5C2711A947006BEAF3 /* NetworkServiceProcessor.swift in Sources */ = {isa = PBXBuildFile; fileRef = 173C2E5B2711A947006BEAF3 /* NetworkServiceProcessor.swift */; };
		1742266C2746C8F300B4B4C3 /* String.NonEmpty.swift in Sources */ = {isa = PBXBuildFile; fileRef = 1742266B2746C8F300B4B4C3 /* String.NonEmpty.swift */; };
		1742266E2746CD8C00B4B4C3 /* String.SafelyDescribing.swift in Sources */ = {isa = PBXBuildFile; fileRef = 1742266D2746CD8C00B4B4C3 /* String.SafelyDescribing.swift */; };
		178718112730640000C2B74C /* EdgeInsets_LTTB.swift in Sources */ = {isa = PBXBuildFile; fileRef = 178718102730640000C2B74C /* EdgeInsets_LTTB.swift */; };
		17871824273068CE00C2B74C /* EdgeInsets_LT.swift in Sources */ = {isa = PBXBuildFile; fileRef = 17871823273068CE00C2B74C /* EdgeInsets_LT.swift */; };
		17871826273069A700C2B74C /* EdgeInsets_TB.swift in Sources */ = {isa = PBXBuildFile; fileRef = 17871825273069A700C2B74C /* EdgeInsets_TB.swift */; };
		17871828273069DE00C2B74C /* EdgeInsets_HV.swift in Sources */ = {isa = PBXBuildFile; fileRef = 17871827273069DE00C2B74C /* EdgeInsets_HV.swift */; };
		1787182C27306E3E00C2B74C /* GenericStateModel_EPD.swift in Sources */ = {isa = PBXBuildFile; fileRef = 1787182B27306E3E00C2B74C /* GenericStateModel_EPD.swift */; };
		1787182E27306F9B00C2B74C /* GenericStateModel_ED.swift in Sources */ = {isa = PBXBuildFile; fileRef = 1787182D27306F9B00C2B74C /* GenericStateModel_ED.swift */; };
		17B103DA270AFE3900B9E296 /* UITableViewProtocols.swift in Sources */ = {isa = PBXBuildFile; fileRef = 17B103D6270AFE3900B9E296 /* UITableViewProtocols.swift */; };
		17B103DB270AFE3900B9E296 /* UICollectionViewProtocols.swift in Sources */ = {isa = PBXBuildFile; fileRef = 17B103D7270AFE3900B9E296 /* UICollectionViewProtocols.swift */; };
		17B103DC270AFE3900B9E296 /* StandardNavigable.swift in Sources */ = {isa = PBXBuildFile; fileRef = 17B103D8270AFE3900B9E296 /* StandardNavigable.swift */; };
		17B1041B270B07E900B9E296 /* UIAlertViewable.swift in Sources */ = {isa = PBXBuildFile; fileRef = 17B1041A270B07E900B9E296 /* UIAlertViewable.swift */; };
		17B1041D270B080100B9E296 /* UIActivityIndicatorViewable.swift in Sources */ = {isa = PBXBuildFile; fileRef = 17B1041C270B080100B9E296 /* UIActivityIndicatorViewable.swift */; };
		17B23E72273543D700914FEB /* NSLayoutConstraint.WithMultiplier.swift in Sources */ = {isa = PBXBuildFile; fileRef = 17B23E71273543D700914FEB /* NSLayoutConstraint.WithMultiplier.swift */; };
		17B23E762735481C00914FEB /* Calendar.NumberOfDaysInMonth.swift in Sources */ = {isa = PBXBuildFile; fileRef = 17B23E752735481C00914FEB /* Calendar.NumberOfDaysInMonth.swift */; };
		17B23E7827354AEB00914FEB /* UIStackView.ArrangedSubviews.swift in Sources */ = {isa = PBXBuildFile; fileRef = 17B23E7727354AEB00914FEB /* UIStackView.ArrangedSubviews.swift */; };
		17B23E7A27354B7900914FEB /* UIStackView.Configuration.swift in Sources */ = {isa = PBXBuildFile; fileRef = 17B23E7927354B7900914FEB /* UIStackView.Configuration.swift */; };
		17B23E7C27354D3A00914FEB /* UIFont.Styling.swift in Sources */ = {isa = PBXBuildFile; fileRef = 17B23E7B27354D3A00914FEB /* UIFont.Styling.swift */; };
		17FD1677273A7CFB00EEAFD0 /* UIViewController.WithTabBarItem.swift in Sources */ = {isa = PBXBuildFile; fileRef = 17FD1676273A7CFB00EEAFD0 /* UIViewController.WithTabBarItem.swift */; };
		17FD167B273AAA3C00EEAFD0 /* UIScreen.DisplayCornerRadius.swift in Sources */ = {isa = PBXBuildFile; fileRef = 17FD167A273AAA3C00EEAFD0 /* UIScreen.DisplayCornerRadius.swift */; };
		17FDE9862738F8B50085DE40 /* UIApplication.AppInfo.swift in Sources */ = {isa = PBXBuildFile; fileRef = 17FDE9852738F8B50085DE40 /* UIApplication.AppInfo.swift */; };
		17FDE9882738F9D90085DE40 /* UIImage.Compressed.swift in Sources */ = {isa = PBXBuildFile; fileRef = 17FDE9872738F9D90085DE40 /* UIImage.Compressed.swift */; };
		17FDE98A2738FC590085DE40 /* UIImage.Cropped.swift in Sources */ = {isa = PBXBuildFile; fileRef = 17FDE9892738FC590085DE40 /* UIImage.Cropped.swift */; };
		17FDE98C2738FE080085DE40 /* UIImage.Scaled.swift in Sources */ = {isa = PBXBuildFile; fileRef = 17FDE98B2738FE080085DE40 /* UIImage.Scaled.swift */; };
		17FDE98E273900100085DE40 /* UIImage.Rotated.swift.swift in Sources */ = {isa = PBXBuildFile; fileRef = 17FDE98D273900100085DE40 /* UIImage.Rotated.swift.swift */; };
		17FDE990273902EC0085DE40 /* UIColor.RGBAComponents.swift in Sources */ = {isa = PBXBuildFile; fileRef = 17FDE98F273902EC0085DE40 /* UIColor.RGBAComponents.swift */; };
		17FDE994273905C70085DE40 /* UIColor.Blend.swift in Sources */ = {isa = PBXBuildFile; fileRef = 17FDE993273905C70085DE40 /* UIColor.Blend.swift */; };
		7A00266C26EB70370056DBC5 /* JSONEncoderError.swift in Sources */ = {isa = PBXBuildFile; fileRef = 7A00266B26EB70370056DBC5 /* JSONEncoderError.swift */; };
		7A00266F26EB70790056DBC5 /* JSONDecoderError.swift in Sources */ = {isa = PBXBuildFile; fileRef = 7A00266E26EB70790056DBC5 /* JSONDecoderError.swift */; };
		7A0026E226EB766E0056DBC5 /* AppDelegate.swift in Sources */ = {isa = PBXBuildFile; fileRef = 7A0026E126EB766E0056DBC5 /* AppDelegate.swift */; };
		7A0026E426EB766E0056DBC5 /* SceneDelegate.swift in Sources */ = {isa = PBXBuildFile; fileRef = 7A0026E326EB766E0056DBC5 /* SceneDelegate.swift */; };
		7A0026E626EB766E0056DBC5 /* ViewController.swift in Sources */ = {isa = PBXBuildFile; fileRef = 7A0026E526EB766E0056DBC5 /* ViewController.swift */; };
		7A0026EB26EB76710056DBC5 /* Assets.xcassets in Resources */ = {isa = PBXBuildFile; fileRef = 7A0026EA26EB76710056DBC5 /* Assets.xcassets */; };
		7A0026EE26EB76710056DBC5 /* LaunchScreen.storyboard in Resources */ = {isa = PBXBuildFile; fileRef = 7A0026EC26EB76710056DBC5 /* LaunchScreen.storyboard */; };
		7A0F751926D5016400020996 /* VCore.h in Headers */ = {isa = PBXBuildFile; fileRef = 7A0F750B26D5016300020996 /* VCore.h */; settings = {ATTRIBUTES = (Public, ); }; };
		7A0F759826D5146C00020996 /* AtomicInteger.swift in Sources */ = {isa = PBXBuildFile; fileRef = 7A0F759726D5146C00020996 /* AtomicInteger.swift */; };
		7A0F759D26D5150800020996 /* NetworkReachabilityService.swift in Sources */ = {isa = PBXBuildFile; fileRef = 7A0F759C26D5150800020996 /* NetworkReachabilityService.swift */; };
		7A0F75BC26D516DA00020996 /* NetworkService.swift in Sources */ = {isa = PBXBuildFile; fileRef = 7A0F75BB26D516DA00020996 /* NetworkService.swift */; };
		7A0F75C226D5172000020996 /* NetworkError.swift in Sources */ = {isa = PBXBuildFile; fileRef = 7A0F75C126D5172000020996 /* NetworkError.swift */; };
		7A0F75C426D5173100020996 /* CustomResults.swift in Sources */ = {isa = PBXBuildFile; fileRef = 7A0F75C326D5173100020996 /* CustomResults.swift */; };
		7A0F75C626D5174500020996 /* NetworkTypeCasts.swift in Sources */ = {isa = PBXBuildFile; fileRef = 7A0F75C526D5174500020996 /* NetworkTypeCasts.swift */; };
		7A0F75C826D5175600020996 /* JSONEncoderService.swift in Sources */ = {isa = PBXBuildFile; fileRef = 7A0F75C726D5175600020996 /* JSONEncoderService.swift */; };
		7A0F75CA26D5176800020996 /* JSONDecoderService.swift in Sources */ = {isa = PBXBuildFile; fileRef = 7A0F75C926D5176800020996 /* JSONDecoderService.swift */; };
		7A0F75D026D517A300020996 /* NetworkRequestService.swift in Sources */ = {isa = PBXBuildFile; fileRef = 7A0F75CF26D517A300020996 /* NetworkRequestService.swift */; };
		7A86F87F26EFAB4D00EC32EA /* PrettyFractionsNumberFormatter.swift in Sources */ = {isa = PBXBuildFile; fileRef = 7A86F87E26EFAB4D00EC32EA /* PrettyFractionsNumberFormatter.swift */; };
		7A86F88126EFAC0800EC32EA /* UILabel.SingleLineHeight.swift in Sources */ = {isa = PBXBuildFile; fileRef = 7A86F88026EFAC0800EC32EA /* UILabel.SingleLineHeight.swift */; };
		7A86F88326EFB16200EC32EA /* UILabel.Configuration.swift in Sources */ = {isa = PBXBuildFile; fileRef = 7A86F88226EFB16200EC32EA /* UILabel.Configuration.swift */; };
		7A86F88526EFB65E00EC32EA /* Sequence.KeyPathSort.swift in Sources */ = {isa = PBXBuildFile; fileRef = 7A86F88426EFB65E00EC32EA /* Sequence.KeyPathSort.swift */; };
		7A91D6F026EF59F900B0B096 /* LogicalExclusiveOr.swift in Sources */ = {isa = PBXBuildFile; fileRef = 7A91D6EF26EF59F900B0B096 /* LogicalExclusiveOr.swift */; };
		7A91D6F426EFA4E200B0B096 /* NSLayoutConstraint.WithPriority.swift in Sources */ = {isa = PBXBuildFile; fileRef = 7A91D6F326EFA4E200B0B096 /* NSLayoutConstraint.WithPriority.swift */; };
		7A91D6F626EFA5B200B0B096 /* NSLayoutConstraint.Storing.swift in Sources */ = {isa = PBXBuildFile; fileRef = 7A91D6F526EFA5B200B0B096 /* NSLayoutConstraint.Storing.swift */; };
		7A91D6F826EFA68500B0B096 /* UIView.RoundCorners.swift in Sources */ = {isa = PBXBuildFile; fileRef = 7A91D6F726EFA68500B0B096 /* UIView.RoundCorners.swift */; };
		7A9A6AA626D521A000C19A07 /* SessionManager.swift in Sources */ = {isa = PBXBuildFile; fileRef = 7A9A6AA526D521A000C19A07 /* SessionManager.swift */; };
		7AA4071E26F9BE2700B60742 /* View.StandardNavigationTitle.swift in Sources */ = {isa = PBXBuildFile; fileRef = 7AA4071D26F9BE2700B60742 /* View.StandardNavigationTitle.swift */; };
		7AA52F9E26EB785B008A54EA /* VCore.framework in Frameworks */ = {isa = PBXBuildFile; fileRef = 7A0F750826D5016300020996 /* VCore.framework */; };
		7AA52F9F26EB785B008A54EA /* VCore.framework in Embed Frameworks */ = {isa = PBXBuildFile; fileRef = 7A0F750826D5016300020996 /* VCore.framework */; settings = {ATTRIBUTES = (CodeSignOnCopy, RemoveHeadersOnCopy, ); }; };
		7AB22AE626EB8DFF0037355D /* VCoreError.swift in Sources */ = {isa = PBXBuildFile; fileRef = 7AB22AE526EB8DFF0037355D /* VCoreError.swift */; };
		7AB22AE926EB94110037355D /* InfiniteScrollingTableView.swift in Sources */ = {isa = PBXBuildFile; fileRef = 7AB22AE826EB94110037355D /* InfiniteScrollingTableView.swift */; };
		7AB22AEC26EB94260037355D /* InfiniteScrollingTableViewActivityIndicator.swift in Sources */ = {isa = PBXBuildFile; fileRef = 7AB22AEB26EB94260037355D /* InfiniteScrollingTableViewActivityIndicator.swift */; };
		7AB22AEE26EB94FE0037355D /* InfiniteScrollingTableViewActivityIndicatorModel.swift in Sources */ = {isa = PBXBuildFile; fileRef = 7AB22AED26EB94FE0037355D /* InfiniteScrollingTableViewActivityIndicatorModel.swift */; };
		7AB22AF026EB96550037355D /* InfiniteScrollingTableViewDelegate.swift in Sources */ = {isa = PBXBuildFile; fileRef = 7AB22AEF26EB96550037355D /* InfiniteScrollingTableViewDelegate.swift */; };
		7AB22AF426EB96ED0037355D /* InfiniteScrollingTableViewPaginationState.swift in Sources */ = {isa = PBXBuildFile; fileRef = 7AB22AF326EB96ED0037355D /* InfiniteScrollingTableViewPaginationState.swift */; };
		7AB22AF726EB9FAB0037355D /* TODO.swift in Sources */ = {isa = PBXBuildFile; fileRef = 7AB22AF626EB9FAB0037355D /* TODO.swift */; };
		7AB22B2D26EE7A6F0037355D /* StringProtocol.Subscript.swift in Sources */ = {isa = PBXBuildFile; fileRef = 7AB22B2C26EE7A6F0037355D /* StringProtocol.Subscript.swift */; };
		7AB22B3526EE834E0037355D /* UINavigationBar.Height.swift in Sources */ = {isa = PBXBuildFile; fileRef = 7AB22B3426EE834E0037355D /* UINavigationBar.Height.swift */; };
		7AB22B3726EE84690037355D /* Array.SafeSubscript.swift in Sources */ = {isa = PBXBuildFile; fileRef = 7AB22B3626EE84690037355D /* Array.SafeSubscript.swift */; };
		7AB22B3926EE84EF0037355D /* NSObject.NSObjectName.swift in Sources */ = {isa = PBXBuildFile; fileRef = 7AB22B3826EE84EF0037355D /* NSObject.NSObjectName.swift */; };
		7AB22B3B26EE85EF0037355D /* Optional.LetBlockTransformation.swift in Sources */ = {isa = PBXBuildFile; fileRef = 7AB22B3A26EE85EF0037355D /* Optional.LetBlockTransformation.swift */; };
		7AB22B3D26EE86E10037355D /* UIViewController.DismissKeyboardOnOutsideTap.swift in Sources */ = {isa = PBXBuildFile; fileRef = 7AB22B3C26EE86E10037355D /* UIViewController.DismissKeyboardOnOutsideTap.swift */; };
		7AF68A6926EE878300D4B5BE /* Date.Component.swift in Sources */ = {isa = PBXBuildFile; fileRef = 7AF68A6826EE878300D4B5BE /* Date.Component.swift */; };
		7AF68A6B26EE891A00D4B5BE /* Int.BlockNTimes.swift in Sources */ = {isa = PBXBuildFile; fileRef = 7AF68A6A26EE891A00D4B5BE /* Int.BlockNTimes.swift */; };
		7AF68A6D26EE899700D4B5BE /* String.IsUserDefaultsKey.swift in Sources */ = {isa = PBXBuildFile; fileRef = 7AF68A6C26EE899700D4B5BE /* String.IsUserDefaultsKey.swift */; };
		7AF68A6F26EE8ABC00D4B5BE /* Array.CompactMapNonEmpty.swift in Sources */ = {isa = PBXBuildFile; fileRef = 7AF68A6E26EE8ABC00D4B5BE /* Array.CompactMapNonEmpty.swift */; };
		7AF68A7426EE907900D4B5BE /* DigitalTimeFormatter.swift in Sources */ = {isa = PBXBuildFile; fileRef = 7AF68A7326EE907900D4B5BE /* DigitalTimeFormatter.swift */; };
/* End PBXBuildFile section */

/* Begin PBXContainerItemProxy section */
		7AA52FA026EB785B008A54EA /* PBXContainerItemProxy */ = {
			isa = PBXContainerItemProxy;
			containerPortal = 7A0F74FF26D5016300020996 /* Project object */;
			proxyType = 1;
			remoteGlobalIDString = 7A0F750726D5016300020996;
			remoteInfo = VCore;
		};
/* End PBXContainerItemProxy section */

/* Begin PBXCopyFilesBuildPhase section */
		7AA52FA226EB785B008A54EA /* Embed Frameworks */ = {
			isa = PBXCopyFilesBuildPhase;
			buildActionMask = 2147483647;
			dstPath = "";
			dstSubfolderSpec = 10;
			files = (
				7AA52F9F26EB785B008A54EA /* VCore.framework in Embed Frameworks */,
			);
			name = "Embed Frameworks";
			runOnlyForDeploymentPostprocessing = 0;
		};
/* End PBXCopyFilesBuildPhase section */

/* Begin PBXFileReference section */
		173C2C92270DDCD6006BEAF3 /* View.ConditionalModifiers.swift */ = {isa = PBXFileReference; lastKnownFileType = sourcecode.swift; path = View.ConditionalModifiers.swift; sourceTree = "<group>"; };
		173C2C94270DDE16006BEAF3 /* View.CustomFrames.swift */ = {isa = PBXFileReference; lastKnownFileType = sourcecode.swift; path = View.CustomFrames.swift; sourceTree = "<group>"; };
		173C2C96270DDFF2006BEAF3 /* View.ReadSize.swift */ = {isa = PBXFileReference; lastKnownFileType = sourcecode.swift; path = View.ReadSize.swift; sourceTree = "<group>"; };
		173C2C98270DF000006BEAF3 /* View.CornerRadius.swift */ = {isa = PBXFileReference; lastKnownFileType = sourcecode.swift; path = View.CornerRadius.swift; sourceTree = "<group>"; };
		173C2E482711680D006BEAF3 /* Deprecations.swift */ = {isa = PBXFileReference; lastKnownFileType = sourcecode.swift; path = Deprecations.swift; sourceTree = "<group>"; };
		173C2E4B271169E8006BEAF3 /* NetworkRequestMethod.swift */ = {isa = PBXFileReference; lastKnownFileType = sourcecode.swift; path = NetworkRequestMethod.swift; sourceTree = "<group>"; };
		173C2E5027118889006BEAF3 /* NetworkURLParametersRequestMethodService.swift */ = {isa = PBXFileReference; lastKnownFileType = sourcecode.swift; path = NetworkURLParametersRequestMethodService.swift; sourceTree = "<group>"; };
		173C2E5227118970006BEAF3 /* NetworkBodyParametersRequestMethodService.swift */ = {isa = PBXFileReference; lastKnownFileType = sourcecode.swift; path = NetworkBodyParametersRequestMethodService.swift; sourceTree = "<group>"; };
		173C2E5527118B0B006BEAF3 /* NetworkRequestMethodServices.swift */ = {isa = PBXFileReference; lastKnownFileType = sourcecode.swift; path = NetworkRequestMethodServices.swift; sourceTree = "<group>"; };
		173C2E5B2711A947006BEAF3 /* NetworkServiceProcessor.swift */ = {isa = PBXFileReference; lastKnownFileType = sourcecode.swift; path = NetworkServiceProcessor.swift; sourceTree = "<group>"; };
		1742266B2746C8F300B4B4C3 /* String.NonEmpty.swift */ = {isa = PBXFileReference; lastKnownFileType = sourcecode.swift; path = String.NonEmpty.swift; sourceTree = "<group>"; };
		1742266D2746CD8C00B4B4C3 /* String.SafelyDescribing.swift */ = {isa = PBXFileReference; lastKnownFileType = sourcecode.swift; path = String.SafelyDescribing.swift; sourceTree = "<group>"; };
		178718102730640000C2B74C /* EdgeInsets_LTTB.swift */ = {isa = PBXFileReference; lastKnownFileType = sourcecode.swift; path = EdgeInsets_LTTB.swift; sourceTree = "<group>"; };
		17871823273068CE00C2B74C /* EdgeInsets_LT.swift */ = {isa = PBXFileReference; lastKnownFileType = sourcecode.swift; path = EdgeInsets_LT.swift; sourceTree = "<group>"; };
		17871825273069A700C2B74C /* EdgeInsets_TB.swift */ = {isa = PBXFileReference; lastKnownFileType = sourcecode.swift; path = EdgeInsets_TB.swift; sourceTree = "<group>"; };
		17871827273069DE00C2B74C /* EdgeInsets_HV.swift */ = {isa = PBXFileReference; lastKnownFileType = sourcecode.swift; path = EdgeInsets_HV.swift; sourceTree = "<group>"; };
		1787182B27306E3E00C2B74C /* GenericStateModel_EPD.swift */ = {isa = PBXFileReference; lastKnownFileType = sourcecode.swift; path = GenericStateModel_EPD.swift; sourceTree = "<group>"; };
		1787182D27306F9B00C2B74C /* GenericStateModel_ED.swift */ = {isa = PBXFileReference; lastKnownFileType = sourcecode.swift; path = GenericStateModel_ED.swift; sourceTree = "<group>"; };
		17B103D6270AFE3900B9E296 /* UITableViewProtocols.swift */ = {isa = PBXFileReference; fileEncoding = 4; lastKnownFileType = sourcecode.swift; path = UITableViewProtocols.swift; sourceTree = "<group>"; };
		17B103D7270AFE3900B9E296 /* UICollectionViewProtocols.swift */ = {isa = PBXFileReference; fileEncoding = 4; lastKnownFileType = sourcecode.swift; path = UICollectionViewProtocols.swift; sourceTree = "<group>"; };
		17B103D8270AFE3900B9E296 /* StandardNavigable.swift */ = {isa = PBXFileReference; fileEncoding = 4; lastKnownFileType = sourcecode.swift; path = StandardNavigable.swift; sourceTree = "<group>"; };
		17B1041A270B07E900B9E296 /* UIAlertViewable.swift */ = {isa = PBXFileReference; lastKnownFileType = sourcecode.swift; path = UIAlertViewable.swift; sourceTree = "<group>"; };
		17B1041C270B080100B9E296 /* UIActivityIndicatorViewable.swift */ = {isa = PBXFileReference; lastKnownFileType = sourcecode.swift; path = UIActivityIndicatorViewable.swift; sourceTree = "<group>"; };
		17B23E71273543D700914FEB /* NSLayoutConstraint.WithMultiplier.swift */ = {isa = PBXFileReference; lastKnownFileType = sourcecode.swift; path = NSLayoutConstraint.WithMultiplier.swift; sourceTree = "<group>"; };
		17B23E752735481C00914FEB /* Calendar.NumberOfDaysInMonth.swift */ = {isa = PBXFileReference; lastKnownFileType = sourcecode.swift; path = Calendar.NumberOfDaysInMonth.swift; sourceTree = "<group>"; };
		17B23E7727354AEB00914FEB /* UIStackView.ArrangedSubviews.swift */ = {isa = PBXFileReference; lastKnownFileType = sourcecode.swift; path = UIStackView.ArrangedSubviews.swift; sourceTree = "<group>"; };
		17B23E7927354B7900914FEB /* UIStackView.Configuration.swift */ = {isa = PBXFileReference; lastKnownFileType = sourcecode.swift; path = UIStackView.Configuration.swift; sourceTree = "<group>"; };
		17B23E7B27354D3A00914FEB /* UIFont.Styling.swift */ = {isa = PBXFileReference; lastKnownFileType = sourcecode.swift; path = UIFont.Styling.swift; sourceTree = "<group>"; };
		17FD1676273A7CFB00EEAFD0 /* UIViewController.WithTabBarItem.swift */ = {isa = PBXFileReference; lastKnownFileType = sourcecode.swift; path = UIViewController.WithTabBarItem.swift; sourceTree = "<group>"; };
		17FD167A273AAA3C00EEAFD0 /* UIScreen.DisplayCornerRadius.swift */ = {isa = PBXFileReference; lastKnownFileType = sourcecode.swift; path = UIScreen.DisplayCornerRadius.swift; sourceTree = "<group>"; };
		17FDE9852738F8B50085DE40 /* UIApplication.AppInfo.swift */ = {isa = PBXFileReference; lastKnownFileType = sourcecode.swift; path = UIApplication.AppInfo.swift; sourceTree = "<group>"; };
		17FDE9872738F9D90085DE40 /* UIImage.Compressed.swift */ = {isa = PBXFileReference; lastKnownFileType = sourcecode.swift; path = UIImage.Compressed.swift; sourceTree = "<group>"; };
		17FDE9892738FC590085DE40 /* UIImage.Cropped.swift */ = {isa = PBXFileReference; lastKnownFileType = sourcecode.swift; path = UIImage.Cropped.swift; sourceTree = "<group>"; };
		17FDE98B2738FE080085DE40 /* UIImage.Scaled.swift */ = {isa = PBXFileReference; lastKnownFileType = sourcecode.swift; path = UIImage.Scaled.swift; sourceTree = "<group>"; };
		17FDE98D273900100085DE40 /* UIImage.Rotated.swift.swift */ = {isa = PBXFileReference; lastKnownFileType = sourcecode.swift; path = UIImage.Rotated.swift.swift; sourceTree = "<group>"; };
		17FDE98F273902EC0085DE40 /* UIColor.RGBAComponents.swift */ = {isa = PBXFileReference; lastKnownFileType = sourcecode.swift; path = UIColor.RGBAComponents.swift; sourceTree = "<group>"; };
		17FDE993273905C70085DE40 /* UIColor.Blend.swift */ = {isa = PBXFileReference; lastKnownFileType = sourcecode.swift; path = UIColor.Blend.swift; sourceTree = "<group>"; };
		7A00266B26EB70370056DBC5 /* JSONEncoderError.swift */ = {isa = PBXFileReference; lastKnownFileType = sourcecode.swift; path = JSONEncoderError.swift; sourceTree = "<group>"; };
		7A00266E26EB70790056DBC5 /* JSONDecoderError.swift */ = {isa = PBXFileReference; lastKnownFileType = sourcecode.swift; path = JSONDecoderError.swift; sourceTree = "<group>"; };
		7A0026DF26EB766E0056DBC5 /* VCoreDemo.app */ = {isa = PBXFileReference; explicitFileType = wrapper.application; includeInIndex = 0; path = VCoreDemo.app; sourceTree = BUILT_PRODUCTS_DIR; };
		7A0026E126EB766E0056DBC5 /* AppDelegate.swift */ = {isa = PBXFileReference; lastKnownFileType = sourcecode.swift; path = AppDelegate.swift; sourceTree = "<group>"; };
		7A0026E326EB766E0056DBC5 /* SceneDelegate.swift */ = {isa = PBXFileReference; lastKnownFileType = sourcecode.swift; path = SceneDelegate.swift; sourceTree = "<group>"; };
		7A0026E526EB766E0056DBC5 /* ViewController.swift */ = {isa = PBXFileReference; lastKnownFileType = sourcecode.swift; path = ViewController.swift; sourceTree = "<group>"; };
		7A0026EA26EB76710056DBC5 /* Assets.xcassets */ = {isa = PBXFileReference; lastKnownFileType = folder.assetcatalog; path = Assets.xcassets; sourceTree = "<group>"; };
		7A0026ED26EB76710056DBC5 /* Base */ = {isa = PBXFileReference; lastKnownFileType = file.storyboard; name = Base; path = Base.lproj/LaunchScreen.storyboard; sourceTree = "<group>"; };
		7A0026EF26EB76710056DBC5 /* Info.plist */ = {isa = PBXFileReference; lastKnownFileType = text.plist.xml; path = Info.plist; sourceTree = "<group>"; };
		7A0F750826D5016300020996 /* VCore.framework */ = {isa = PBXFileReference; explicitFileType = wrapper.framework; includeInIndex = 0; path = VCore.framework; sourceTree = BUILT_PRODUCTS_DIR; };
		7A0F750B26D5016300020996 /* VCore.h */ = {isa = PBXFileReference; lastKnownFileType = sourcecode.c.h; path = VCore.h; sourceTree = "<group>"; };
		7A0F750C26D5016300020996 /* Info.plist */ = {isa = PBXFileReference; lastKnownFileType = text.plist.xml; path = Info.plist; sourceTree = "<group>"; };
		7A0F759726D5146C00020996 /* AtomicInteger.swift */ = {isa = PBXFileReference; lastKnownFileType = sourcecode.swift; path = AtomicInteger.swift; sourceTree = "<group>"; };
		7A0F759C26D5150800020996 /* NetworkReachabilityService.swift */ = {isa = PBXFileReference; lastKnownFileType = sourcecode.swift; path = NetworkReachabilityService.swift; sourceTree = "<group>"; };
		7A0F75BB26D516DA00020996 /* NetworkService.swift */ = {isa = PBXFileReference; lastKnownFileType = sourcecode.swift; path = NetworkService.swift; sourceTree = "<group>"; };
		7A0F75C126D5172000020996 /* NetworkError.swift */ = {isa = PBXFileReference; lastKnownFileType = sourcecode.swift; path = NetworkError.swift; sourceTree = "<group>"; };
		7A0F75C326D5173100020996 /* CustomResults.swift */ = {isa = PBXFileReference; lastKnownFileType = sourcecode.swift; path = CustomResults.swift; sourceTree = "<group>"; };
		7A0F75C526D5174500020996 /* NetworkTypeCasts.swift */ = {isa = PBXFileReference; lastKnownFileType = sourcecode.swift; path = NetworkTypeCasts.swift; sourceTree = "<group>"; };
		7A0F75C726D5175600020996 /* JSONEncoderService.swift */ = {isa = PBXFileReference; lastKnownFileType = sourcecode.swift; path = JSONEncoderService.swift; sourceTree = "<group>"; };
		7A0F75C926D5176800020996 /* JSONDecoderService.swift */ = {isa = PBXFileReference; lastKnownFileType = sourcecode.swift; path = JSONDecoderService.swift; sourceTree = "<group>"; };
		7A0F75CF26D517A300020996 /* NetworkRequestService.swift */ = {isa = PBXFileReference; lastKnownFileType = sourcecode.swift; path = NetworkRequestService.swift; sourceTree = "<group>"; };
		7A86F87E26EFAB4D00EC32EA /* PrettyFractionsNumberFormatter.swift */ = {isa = PBXFileReference; lastKnownFileType = sourcecode.swift; path = PrettyFractionsNumberFormatter.swift; sourceTree = "<group>"; };
		7A86F88026EFAC0800EC32EA /* UILabel.SingleLineHeight.swift */ = {isa = PBXFileReference; lastKnownFileType = sourcecode.swift; path = UILabel.SingleLineHeight.swift; sourceTree = "<group>"; };
		7A86F88226EFB16200EC32EA /* UILabel.Configuration.swift */ = {isa = PBXFileReference; lastKnownFileType = sourcecode.swift; path = UILabel.Configuration.swift; sourceTree = "<group>"; };
		7A86F88426EFB65E00EC32EA /* Sequence.KeyPathSort.swift */ = {isa = PBXFileReference; lastKnownFileType = sourcecode.swift; path = Sequence.KeyPathSort.swift; sourceTree = "<group>"; };
		7A91D6EF26EF59F900B0B096 /* LogicalExclusiveOr.swift */ = {isa = PBXFileReference; lastKnownFileType = sourcecode.swift; path = LogicalExclusiveOr.swift; sourceTree = "<group>"; };
		7A91D6F326EFA4E200B0B096 /* NSLayoutConstraint.WithPriority.swift */ = {isa = PBXFileReference; lastKnownFileType = sourcecode.swift; path = NSLayoutConstraint.WithPriority.swift; sourceTree = "<group>"; };
		7A91D6F526EFA5B200B0B096 /* NSLayoutConstraint.Storing.swift */ = {isa = PBXFileReference; lastKnownFileType = sourcecode.swift; path = NSLayoutConstraint.Storing.swift; sourceTree = "<group>"; };
		7A91D6F726EFA68500B0B096 /* UIView.RoundCorners.swift */ = {isa = PBXFileReference; lastKnownFileType = sourcecode.swift; path = UIView.RoundCorners.swift; sourceTree = "<group>"; };
		7A9A6AA526D521A000C19A07 /* SessionManager.swift */ = {isa = PBXFileReference; lastKnownFileType = sourcecode.swift; path = SessionManager.swift; sourceTree = "<group>"; };
		7AA4071D26F9BE2700B60742 /* View.StandardNavigationTitle.swift */ = {isa = PBXFileReference; lastKnownFileType = sourcecode.swift; path = View.StandardNavigationTitle.swift; sourceTree = "<group>"; };
		7AB22AE526EB8DFF0037355D /* VCoreError.swift */ = {isa = PBXFileReference; lastKnownFileType = sourcecode.swift; path = VCoreError.swift; sourceTree = "<group>"; };
		7AB22AE826EB94110037355D /* InfiniteScrollingTableView.swift */ = {isa = PBXFileReference; lastKnownFileType = sourcecode.swift; path = InfiniteScrollingTableView.swift; sourceTree = "<group>"; };
		7AB22AEB26EB94260037355D /* InfiniteScrollingTableViewActivityIndicator.swift */ = {isa = PBXFileReference; lastKnownFileType = sourcecode.swift; path = InfiniteScrollingTableViewActivityIndicator.swift; sourceTree = "<group>"; };
		7AB22AED26EB94FE0037355D /* InfiniteScrollingTableViewActivityIndicatorModel.swift */ = {isa = PBXFileReference; lastKnownFileType = sourcecode.swift; path = InfiniteScrollingTableViewActivityIndicatorModel.swift; sourceTree = "<group>"; };
		7AB22AEF26EB96550037355D /* InfiniteScrollingTableViewDelegate.swift */ = {isa = PBXFileReference; lastKnownFileType = sourcecode.swift; path = InfiniteScrollingTableViewDelegate.swift; sourceTree = "<group>"; };
		7AB22AF326EB96ED0037355D /* InfiniteScrollingTableViewPaginationState.swift */ = {isa = PBXFileReference; lastKnownFileType = sourcecode.swift; path = InfiniteScrollingTableViewPaginationState.swift; sourceTree = "<group>"; };
		7AB22AF626EB9FAB0037355D /* TODO.swift */ = {isa = PBXFileReference; lastKnownFileType = sourcecode.swift; path = TODO.swift; sourceTree = "<group>"; };
		7AB22B2C26EE7A6F0037355D /* StringProtocol.Subscript.swift */ = {isa = PBXFileReference; lastKnownFileType = sourcecode.swift; path = StringProtocol.Subscript.swift; sourceTree = "<group>"; };
		7AB22B3426EE834E0037355D /* UINavigationBar.Height.swift */ = {isa = PBXFileReference; lastKnownFileType = sourcecode.swift; path = UINavigationBar.Height.swift; sourceTree = "<group>"; };
		7AB22B3626EE84690037355D /* Array.SafeSubscript.swift */ = {isa = PBXFileReference; lastKnownFileType = sourcecode.swift; path = Array.SafeSubscript.swift; sourceTree = "<group>"; };
		7AB22B3826EE84EF0037355D /* NSObject.NSObjectName.swift */ = {isa = PBXFileReference; lastKnownFileType = sourcecode.swift; path = NSObject.NSObjectName.swift; sourceTree = "<group>"; };
		7AB22B3A26EE85EF0037355D /* Optional.LetBlockTransformation.swift */ = {isa = PBXFileReference; lastKnownFileType = sourcecode.swift; path = Optional.LetBlockTransformation.swift; sourceTree = "<group>"; };
		7AB22B3C26EE86E10037355D /* UIViewController.DismissKeyboardOnOutsideTap.swift */ = {isa = PBXFileReference; lastKnownFileType = sourcecode.swift; path = UIViewController.DismissKeyboardOnOutsideTap.swift; sourceTree = "<group>"; };
		7AF68A6826EE878300D4B5BE /* Date.Component.swift */ = {isa = PBXFileReference; lastKnownFileType = sourcecode.swift; path = Date.Component.swift; sourceTree = "<group>"; };
		7AF68A6A26EE891A00D4B5BE /* Int.BlockNTimes.swift */ = {isa = PBXFileReference; lastKnownFileType = sourcecode.swift; path = Int.BlockNTimes.swift; sourceTree = "<group>"; };
		7AF68A6C26EE899700D4B5BE /* String.IsUserDefaultsKey.swift */ = {isa = PBXFileReference; lastKnownFileType = sourcecode.swift; path = String.IsUserDefaultsKey.swift; sourceTree = "<group>"; };
		7AF68A6E26EE8ABC00D4B5BE /* Array.CompactMapNonEmpty.swift */ = {isa = PBXFileReference; lastKnownFileType = sourcecode.swift; path = Array.CompactMapNonEmpty.swift; sourceTree = "<group>"; };
		7AF68A7326EE907900D4B5BE /* DigitalTimeFormatter.swift */ = {isa = PBXFileReference; lastKnownFileType = sourcecode.swift; path = DigitalTimeFormatter.swift; sourceTree = "<group>"; };
/* End PBXFileReference section */

/* Begin PBXFrameworksBuildPhase section */
		7A0026DC26EB766E0056DBC5 /* Frameworks */ = {
			isa = PBXFrameworksBuildPhase;
			buildActionMask = 2147483647;
			files = (
				7AA52F9E26EB785B008A54EA /* VCore.framework in Frameworks */,
			);
			runOnlyForDeploymentPostprocessing = 0;
		};
		7A0F750526D5016300020996 /* Frameworks */ = {
			isa = PBXFrameworksBuildPhase;
			buildActionMask = 2147483647;
			files = (
			);
			runOnlyForDeploymentPostprocessing = 0;
		};
/* End PBXFrameworksBuildPhase section */

/* Begin PBXGroup section */
		173C2E4727116805006BEAF3 /* Helpers */ = {
			isa = PBXGroup;
			children = (
				1787182A27306E2500C2B74C /* Generic State Models */,
				1787180F273063AC00C2B74C /* Edge Insets */,
				7AB22AE526EB8DFF0037355D /* VCoreError.swift */,
				7A0F759726D5146C00020996 /* AtomicInteger.swift */,
				173C2E482711680D006BEAF3 /* Deprecations.swift */,
				7A0F75C326D5173100020996 /* CustomResults.swift */,
			);
			path = Helpers;
			sourceTree = "<group>";
		};
		173C2E5427118993006BEAF3 /* Request */ = {
			isa = PBXGroup;
			children = (
				7A0F75CF26D517A300020996 /* NetworkRequestService.swift */,
				173C2E5027118889006BEAF3 /* NetworkURLParametersRequestMethodService.swift */,
				173C2E5227118970006BEAF3 /* NetworkBodyParametersRequestMethodService.swift */,
			);
			path = Request;
			sourceTree = "<group>";
		};
		173C2E5727118B55006BEAF3 /* Request Methods */ = {
			isa = PBXGroup;
			children = (
				173C2E4B271169E8006BEAF3 /* NetworkRequestMethod.swift */,
				173C2E5527118B0B006BEAF3 /* NetworkRequestMethodServices.swift */,
			);
			path = "Request Methods";
			sourceTree = "<group>";
		};
		1787180F273063AC00C2B74C /* Edge Insets */ = {
			isa = PBXGroup;
			children = (
				178718102730640000C2B74C /* EdgeInsets_LTTB.swift */,
				17871827273069DE00C2B74C /* EdgeInsets_HV.swift */,
				17871823273068CE00C2B74C /* EdgeInsets_LT.swift */,
				17871825273069A700C2B74C /* EdgeInsets_TB.swift */,
			);
			path = "Edge Insets";
			sourceTree = "<group>";
		};
		1787182A27306E2500C2B74C /* Generic State Models */ = {
			isa = PBXGroup;
			children = (
				1787182B27306E3E00C2B74C /* GenericStateModel_EPD.swift */,
				1787182D27306F9B00C2B74C /* GenericStateModel_ED.swift */,
			);
			path = "Generic State Models";
			sourceTree = "<group>";
		};
		7A00266D26EB70440056DBC5 /* Encoder */ = {
			isa = PBXGroup;
			children = (
				7A00266B26EB70370056DBC5 /* JSONEncoderError.swift */,
				7A0F75C726D5175600020996 /* JSONEncoderService.swift */,
			);
			path = Encoder;
			sourceTree = "<group>";
		};
		7A00267026EB70820056DBC5 /* Decoder */ = {
			isa = PBXGroup;
			children = (
				7A00266E26EB70790056DBC5 /* JSONDecoderError.swift */,
				7A0F75C926D5176800020996 /* JSONDecoderService.swift */,
			);
			path = Decoder;
			sourceTree = "<group>";
		};
		7A0026E026EB766E0056DBC5 /* VCoreDemo */ = {
			isa = PBXGroup;
			children = (
				7A0026F626EB76CE0056DBC5 /* App Info */,
				7A0026F326EB767E0056DBC5 /* App Control */,
				7A0026F426EB76890056DBC5 /* Scenes */,
				7A0026F526EB768E0056DBC5 /* Resources */,
			);
			path = VCoreDemo;
			sourceTree = "<group>";
		};
		7A0026F326EB767E0056DBC5 /* App Control */ = {
			isa = PBXGroup;
			children = (
				7A0026E126EB766E0056DBC5 /* AppDelegate.swift */,
				7A0026E326EB766E0056DBC5 /* SceneDelegate.swift */,
			);
			path = "App Control";
			sourceTree = "<group>";
		};
		7A0026F426EB76890056DBC5 /* Scenes */ = {
			isa = PBXGroup;
			children = (
				7A0026EC26EB76710056DBC5 /* LaunchScreen.storyboard */,
				7A0026E526EB766E0056DBC5 /* ViewController.swift */,
			);
			path = Scenes;
			sourceTree = "<group>";
		};
		7A0026F526EB768E0056DBC5 /* Resources */ = {
			isa = PBXGroup;
			children = (
				7A0026EA26EB76710056DBC5 /* Assets.xcassets */,
			);
			path = Resources;
			sourceTree = "<group>";
		};
		7A0026F626EB76CE0056DBC5 /* App Info */ = {
			isa = PBXGroup;
			children = (
				7A0026EF26EB76710056DBC5 /* Info.plist */,
			);
			name = "App Info";
			sourceTree = "<group>";
		};
		7A0F74FE26D5016300020996 = {
			isa = PBXGroup;
			children = (
				7A0F750A26D5016300020996 /* VCore */,
				7A0026E026EB766E0056DBC5 /* VCoreDemo */,
				7A0F750926D5016300020996 /* Products */,
			);
			sourceTree = "<group>";
		};
		7A0F750926D5016300020996 /* Products */ = {
			isa = PBXGroup;
			children = (
				7A0F750826D5016300020996 /* VCore.framework */,
				7A0026DF26EB766E0056DBC5 /* VCoreDemo.app */,
			);
			name = Products;
			sourceTree = "<group>";
		};
		7A0F750A26D5016300020996 /* VCore */ = {
			isa = PBXGroup;
			children = (
				7A0F752226D5018200020996 /* Framework Info */,
				7AB22AE726EB93FE0037355D /* Views */,
				7A0F759626D5146000020996 /* Services and Managers */,
				7AB22AF826EBA0620037355D /* Global Functions */,
				173C2E4727116805006BEAF3 /* Helpers */,
				7AB22AF526EB9F9A0037355D /* Extensions */,
			);
			path = VCore;
			sourceTree = "<group>";
		};
		7A0F752226D5018200020996 /* Framework Info */ = {
			isa = PBXGroup;
			children = (
				7A0F750C26D5016300020996 /* Info.plist */,
				7A0F750B26D5016300020996 /* VCore.h */,
			);
			name = "Framework Info";
			sourceTree = "<group>";
		};
		7A0F759626D5146000020996 /* Services and Managers */ = {
			isa = PBXGroup;
			children = (
				7A0F759B26D514EC00020996 /* Network Reachability */,
				7A27C14726EB637F005765CB /* Coder */,
				7A0F75B526D5169B00020996 /* Network */,
				7A9A6AA426D5218E00C19A07 /* Session Manager */,
				7AA4071726F9BA3100B60742 /* VIPER Helpers */,
				7AF68A7226EE906D00D4B5BE /* Misc */,
			);
			path = "Services and Managers";
			sourceTree = "<group>";
		};
		7A0F759B26D514EC00020996 /* Network Reachability */ = {
			isa = PBXGroup;
			children = (
				7A0F759C26D5150800020996 /* NetworkReachabilityService.swift */,
			);
			path = "Network Reachability";
			sourceTree = "<group>";
		};
		7A0F75B526D5169B00020996 /* Network */ = {
			isa = PBXGroup;
			children = (
				7A0F75B626D516B000020996 /* Interface */,
				173C2E5727118B55006BEAF3 /* Request Methods */,
				173C2E5427118993006BEAF3 /* Request */,
				7A0F75B826D516BD00020996 /* Result */,
			);
			path = Network;
			sourceTree = "<group>";
		};
		7A0F75B626D516B000020996 /* Interface */ = {
			isa = PBXGroup;
			children = (
				7A0F75BB26D516DA00020996 /* NetworkService.swift */,
				173C2E5B2711A947006BEAF3 /* NetworkServiceProcessor.swift */,
			);
			path = Interface;
			sourceTree = "<group>";
		};
		7A0F75B826D516BD00020996 /* Result */ = {
			isa = PBXGroup;
			children = (
				7A0F75C126D5172000020996 /* NetworkError.swift */,
				7A0F75C526D5174500020996 /* NetworkTypeCasts.swift */,
			);
			path = Result;
			sourceTree = "<group>";
		};
		7A27C14726EB637F005765CB /* Coder */ = {
			isa = PBXGroup;
			children = (
				7A00266D26EB70440056DBC5 /* Encoder */,
				7A00267026EB70820056DBC5 /* Decoder */,
			);
			path = Coder;
			sourceTree = "<group>";
		};
		7A86F88626EFB74100EC32EA /* SwiftUI */ = {
			isa = PBXGroup;
			children = (
				7AA4071D26F9BE2700B60742 /* View.StandardNavigationTitle.swift */,
				173C2C92270DDCD6006BEAF3 /* View.ConditionalModifiers.swift */,
				173C2C94270DDE16006BEAF3 /* View.CustomFrames.swift */,
				173C2C98270DF000006BEAF3 /* View.CornerRadius.swift */,
				173C2C96270DDFF2006BEAF3 /* View.ReadSize.swift */,
			);
			path = SwiftUI;
			sourceTree = "<group>";
		};
		7A9A6AA426D5218E00C19A07 /* Session Manager */ = {
			isa = PBXGroup;
			children = (
				7A9A6AA526D521A000C19A07 /* SessionManager.swift */,
			);
			path = "Session Manager";
			sourceTree = "<group>";
		};
		7AA4071726F9BA3100B60742 /* VIPER Helpers */ = {
			isa = PBXGroup;
			children = (
				17B103D8270AFE3900B9E296 /* StandardNavigable.swift */,
				17B103D6270AFE3900B9E296 /* UITableViewProtocols.swift */,
				17B103D7270AFE3900B9E296 /* UICollectionViewProtocols.swift */,
				17B1041A270B07E900B9E296 /* UIAlertViewable.swift */,
				17B1041C270B080100B9E296 /* UIActivityIndicatorViewable.swift */,
			);
			path = "VIPER Helpers";
			sourceTree = "<group>";
		};
		7AB22AE726EB93FE0037355D /* Views */ = {
			isa = PBXGroup;
			children = (
				7AB22AEA26EB94150037355D /* Infinite Scrolling Table View */,
			);
			path = Views;
			sourceTree = "<group>";
		};
		7AB22AEA26EB94150037355D /* Infinite Scrolling Table View */ = {
			isa = PBXGroup;
			children = (
				7AB22AE826EB94110037355D /* InfiniteScrollingTableView.swift */,
				7AB22AEF26EB96550037355D /* InfiniteScrollingTableViewDelegate.swift */,
				7AB22AF326EB96ED0037355D /* InfiniteScrollingTableViewPaginationState.swift */,
				7AB22AEB26EB94260037355D /* InfiniteScrollingTableViewActivityIndicator.swift */,
				7AB22AED26EB94FE0037355D /* InfiniteScrollingTableViewActivityIndicatorModel.swift */,
			);
			path = "Infinite Scrolling Table View";
			sourceTree = "<group>";
		};
		7AB22AF526EB9F9A0037355D /* Extensions */ = {
			isa = PBXGroup;
			children = (
				7AB22B2E26EE7A720037355D /* Foundation */,
				7AB22B2F26EE7C7F0037355D /* UIKit */,
				7A86F88626EFB74100EC32EA /* SwiftUI */,
			);
			path = Extensions;
			sourceTree = "<group>";
		};
		7AB22AF826EBA0620037355D /* Global Functions */ = {
			isa = PBXGroup;
			children = (
				7A91D6EF26EF59F900B0B096 /* LogicalExclusiveOr.swift */,
				7AB22AF626EB9FAB0037355D /* TODO.swift */,
			);
			path = "Global Functions";
			sourceTree = "<group>";
		};
		7AB22B2E26EE7A720037355D /* Foundation */ = {
			isa = PBXGroup;
			children = (
				7AF68A6A26EE891A00D4B5BE /* Int.BlockNTimes.swift */,
				7AF68A6C26EE899700D4B5BE /* String.IsUserDefaultsKey.swift */,
				1742266B2746C8F300B4B4C3 /* String.NonEmpty.swift */,
				7AB22B2C26EE7A6F0037355D /* StringProtocol.Subscript.swift */,
				1742266D2746CD8C00B4B4C3 /* String.SafelyDescribing.swift */,
				7AF68A6826EE878300D4B5BE /* Date.Component.swift */,
				7AB22B3626EE84690037355D /* Array.SafeSubscript.swift */,
				7AF68A6E26EE8ABC00D4B5BE /* Array.CompactMapNonEmpty.swift */,
				7A86F88426EFB65E00EC32EA /* Sequence.KeyPathSort.swift */,
				7AB22B3A26EE85EF0037355D /* Optional.LetBlockTransformation.swift */,
				7AB22B3826EE84EF0037355D /* NSObject.NSObjectName.swift */,
				17B23E752735481C00914FEB /* Calendar.NumberOfDaysInMonth.swift */,
			);
			path = Foundation;
			sourceTree = "<group>";
		};
		7AB22B2F26EE7C7F0037355D /* UIKit */ = {
			isa = PBXGroup;
			children = (
				7A91D6F726EFA68500B0B096 /* UIView.RoundCorners.swift */,
				7AB22B3C26EE86E10037355D /* UIViewController.DismissKeyboardOnOutsideTap.swift */,
				17FD1676273A7CFB00EEAFD0 /* UIViewController.WithTabBarItem.swift */,
				7A86F88226EFB16200EC32EA /* UILabel.Configuration.swift */,
				7A86F88026EFAC0800EC32EA /* UILabel.SingleLineHeight.swift */,
				17FDE9872738F9D90085DE40 /* UIImage.Compressed.swift */,
				17FDE9892738FC590085DE40 /* UIImage.Cropped.swift */,
				17FDE98B2738FE080085DE40 /* UIImage.Scaled.swift */,
				17FDE98D273900100085DE40 /* UIImage.Rotated.swift.swift */,
				7AB22B3426EE834E0037355D /* UINavigationBar.Height.swift */,
				17B23E7927354B7900914FEB /* UIStackView.Configuration.swift */,
				17B23E7727354AEB00914FEB /* UIStackView.ArrangedSubviews.swift */,
				17FDE98F273902EC0085DE40 /* UIColor.RGBAComponents.swift */,
				17FDE993273905C70085DE40 /* UIColor.Blend.swift */,
				17B23E7B27354D3A00914FEB /* UIFont.Styling.swift */,
				7A91D6F326EFA4E200B0B096 /* NSLayoutConstraint.WithPriority.swift */,
				17B23E71273543D700914FEB /* NSLayoutConstraint.WithMultiplier.swift */,
				7A91D6F526EFA5B200B0B096 /* NSLayoutConstraint.Storing.swift */,
				17FD167A273AAA3C00EEAFD0 /* UIScreen.DisplayCornerRadius.swift */,
				17FDE9852738F8B50085DE40 /* UIApplication.AppInfo.swift */,
			);
			path = UIKit;
			sourceTree = "<group>";
		};
		7AF68A7226EE906D00D4B5BE /* Misc */ = {
			isa = PBXGroup;
			children = (
				7AF68A7326EE907900D4B5BE /* DigitalTimeFormatter.swift */,
				7A86F87E26EFAB4D00EC32EA /* PrettyFractionsNumberFormatter.swift */,
			);
			path = Misc;
			sourceTree = "<group>";
		};
/* End PBXGroup section */

/* Begin PBXHeadersBuildPhase section */
		7A0F750326D5016300020996 /* Headers */ = {
			isa = PBXHeadersBuildPhase;
			buildActionMask = 2147483647;
			files = (
				7A0F751926D5016400020996 /* VCore.h in Headers */,
			);
			runOnlyForDeploymentPostprocessing = 0;
		};
/* End PBXHeadersBuildPhase section */

/* Begin PBXNativeTarget section */
		7A0026DE26EB766E0056DBC5 /* VCoreDemo */ = {
			isa = PBXNativeTarget;
			buildConfigurationList = 7A0026F026EB76710056DBC5 /* Build configuration list for PBXNativeTarget "VCoreDemo" */;
			buildPhases = (
				7A0026DB26EB766E0056DBC5 /* Sources */,
				7A0026DC26EB766E0056DBC5 /* Frameworks */,
				7A0026DD26EB766E0056DBC5 /* Resources */,
				7AA52FA226EB785B008A54EA /* Embed Frameworks */,
			);
			buildRules = (
			);
			dependencies = (
				7AA52FA126EB785B008A54EA /* PBXTargetDependency */,
			);
			name = VCoreDemo;
			productName = VCoreDemo;
			productReference = 7A0026DF26EB766E0056DBC5 /* VCoreDemo.app */;
			productType = "com.apple.product-type.application";
		};
		7A0F750726D5016300020996 /* VCore */ = {
			isa = PBXNativeTarget;
			buildConfigurationList = 7A0F751C26D5016400020996 /* Build configuration list for PBXNativeTarget "VCore" */;
			buildPhases = (
				7A0F750326D5016300020996 /* Headers */,
				7A0F750426D5016300020996 /* Sources */,
				7A0F750526D5016300020996 /* Frameworks */,
				7A0F750626D5016300020996 /* Resources */,
			);
			buildRules = (
			);
			dependencies = (
			);
			name = VCore;
			productName = VCore;
			productReference = 7A0F750826D5016300020996 /* VCore.framework */;
			productType = "com.apple.product-type.framework";
		};
/* End PBXNativeTarget section */

/* Begin PBXProject section */
		7A0F74FF26D5016300020996 /* Project object */ = {
			isa = PBXProject;
			attributes = {
				LastSwiftUpdateCheck = 1250;
				LastUpgradeCheck = 1250;
				TargetAttributes = {
					7A0026DE26EB766E0056DBC5 = {
						CreatedOnToolsVersion = 12.5.1;
					};
					7A0F750726D5016300020996 = {
						CreatedOnToolsVersion = 12.5.1;
					};
				};
			};
			buildConfigurationList = 7A0F750226D5016300020996 /* Build configuration list for PBXProject "VCore" */;
			compatibilityVersion = "Xcode 9.3";
			developmentRegion = en;
			hasScannedForEncodings = 0;
			knownRegions = (
				en,
				Base,
			);
			mainGroup = 7A0F74FE26D5016300020996;
			productRefGroup = 7A0F750926D5016300020996 /* Products */;
			projectDirPath = "";
			projectRoot = "";
			targets = (
				7A0F750726D5016300020996 /* VCore */,
				7A0026DE26EB766E0056DBC5 /* VCoreDemo */,
			);
		};
/* End PBXProject section */

/* Begin PBXResourcesBuildPhase section */
		7A0026DD26EB766E0056DBC5 /* Resources */ = {
			isa = PBXResourcesBuildPhase;
			buildActionMask = 2147483647;
			files = (
				7A0026EE26EB76710056DBC5 /* LaunchScreen.storyboard in Resources */,
				7A0026EB26EB76710056DBC5 /* Assets.xcassets in Resources */,
			);
			runOnlyForDeploymentPostprocessing = 0;
		};
		7A0F750626D5016300020996 /* Resources */ = {
			isa = PBXResourcesBuildPhase;
			buildActionMask = 2147483647;
			files = (
			);
			runOnlyForDeploymentPostprocessing = 0;
		};
/* End PBXResourcesBuildPhase section */

/* Begin PBXSourcesBuildPhase section */
		7A0026DB26EB766E0056DBC5 /* Sources */ = {
			isa = PBXSourcesBuildPhase;
			buildActionMask = 2147483647;
			files = (
				7A0026E626EB766E0056DBC5 /* ViewController.swift in Sources */,
				7A0026E226EB766E0056DBC5 /* AppDelegate.swift in Sources */,
				7A0026E426EB766E0056DBC5 /* SceneDelegate.swift in Sources */,
			);
			runOnlyForDeploymentPostprocessing = 0;
		};
		7A0F750426D5016300020996 /* Sources */ = {
			isa = PBXSourcesBuildPhase;
			buildActionMask = 2147483647;
			files = (
				178718112730640000C2B74C /* EdgeInsets_LTTB.swift in Sources */,
				7A00266F26EB70790056DBC5 /* JSONDecoderError.swift in Sources */,
				7AF68A6B26EE891A00D4B5BE /* Int.BlockNTimes.swift in Sources */,
				7AF68A6D26EE899700D4B5BE /* String.IsUserDefaultsKey.swift in Sources */,
				7AB22AE926EB94110037355D /* InfiniteScrollingTableView.swift in Sources */,
				7AB22AF726EB9FAB0037355D /* TODO.swift in Sources */,
				17871826273069A700C2B74C /* EdgeInsets_TB.swift in Sources */,
				17B103DA270AFE3900B9E296 /* UITableViewProtocols.swift in Sources */,
				7A0F759D26D5150800020996 /* NetworkReachabilityService.swift in Sources */,
				7A0F75BC26D516DA00020996 /* NetworkService.swift in Sources */,
				7A0F75C826D5175600020996 /* JSONEncoderService.swift in Sources */,
				17B23E7C27354D3A00914FEB /* UIFont.Styling.swift in Sources */,
				7AB22AEE26EB94FE0037355D /* InfiniteScrollingTableViewActivityIndicatorModel.swift in Sources */,
				7AA4071E26F9BE2700B60742 /* View.StandardNavigationTitle.swift in Sources */,
				7AB22AEC26EB94260037355D /* InfiniteScrollingTableViewActivityIndicator.swift in Sources */,
				1742266E2746CD8C00B4B4C3 /* String.SafelyDescribing.swift in Sources */,
				7A91D6F026EF59F900B0B096 /* LogicalExclusiveOr.swift in Sources */,
				173C2E5C2711A947006BEAF3 /* NetworkServiceProcessor.swift in Sources */,
				17FDE990273902EC0085DE40 /* UIColor.RGBAComponents.swift in Sources */,
				7A0F75C626D5174500020996 /* NetworkTypeCasts.swift in Sources */,
				17FDE98C2738FE080085DE40 /* UIImage.Scaled.swift in Sources */,
				7AB22B2D26EE7A6F0037355D /* StringProtocol.Subscript.swift in Sources */,
				7AB22B3D26EE86E10037355D /* UIViewController.DismissKeyboardOnOutsideTap.swift in Sources */,
				17FD167B273AAA3C00EEAFD0 /* UIScreen.DisplayCornerRadius.swift in Sources */,
				7AB22B3B26EE85EF0037355D /* Optional.LetBlockTransformation.swift in Sources */,
				7A91D6F426EFA4E200B0B096 /* NSLayoutConstraint.WithPriority.swift in Sources */,
				173C2C95270DDE16006BEAF3 /* View.CustomFrames.swift in Sources */,
				173C2C99270DF000006BEAF3 /* View.CornerRadius.swift in Sources */,
				7AF68A6F26EE8ABC00D4B5BE /* Array.CompactMapNonEmpty.swift in Sources */,
				7A0F75C426D5173100020996 /* CustomResults.swift in Sources */,
				17B103DB270AFE3900B9E296 /* UICollectionViewProtocols.swift in Sources */,
				173C2C97270DDFF2006BEAF3 /* View.ReadSize.swift in Sources */,
				7A91D6F626EFA5B200B0B096 /* NSLayoutConstraint.Storing.swift in Sources */,
				7A0F75C226D5172000020996 /* NetworkError.swift in Sources */,
				7A0F759826D5146C00020996 /* AtomicInteger.swift in Sources */,
				7AB22B3726EE84690037355D /* Array.SafeSubscript.swift in Sources */,
				17FDE98A2738FC590085DE40 /* UIImage.Cropped.swift in Sources */,
				7AF68A6926EE878300D4B5BE /* Date.Component.swift in Sources */,
				7AB22B3526EE834E0037355D /* UINavigationBar.Height.swift in Sources */,
				7A86F88126EFAC0800EC32EA /* UILabel.SingleLineHeight.swift in Sources */,
				7AB22B3926EE84EF0037355D /* NSObject.NSObjectName.swift in Sources */,
				17B23E72273543D700914FEB /* NSLayoutConstraint.WithMultiplier.swift in Sources */,
				173C2E4C271169E8006BEAF3 /* NetworkRequestMethod.swift in Sources */,
				1787182E27306F9B00C2B74C /* GenericStateModel_ED.swift in Sources */,
				17871824273068CE00C2B74C /* EdgeInsets_LT.swift in Sources */,
				7AB22AE626EB8DFF0037355D /* VCoreError.swift in Sources */,
				173C2E5127118889006BEAF3 /* NetworkURLParametersRequestMethodService.swift in Sources */,
				1787182C27306E3E00C2B74C /* GenericStateModel_EPD.swift in Sources */,
				7AB22AF026EB96550037355D /* InfiniteScrollingTableViewDelegate.swift in Sources */,
				7A91D6F826EFA68500B0B096 /* UIView.RoundCorners.swift in Sources */,
				17FD1677273A7CFB00EEAFD0 /* UIViewController.WithTabBarItem.swift in Sources */,
				7A9A6AA626D521A000C19A07 /* SessionManager.swift in Sources */,
				7A0F75CA26D5176800020996 /* JSONDecoderService.swift in Sources */,
				7A86F88526EFB65E00EC32EA /* Sequence.KeyPathSort.swift in Sources */,
				17FDE9882738F9D90085DE40 /* UIImage.Compressed.swift in Sources */,
				17B23E7A27354B7900914FEB /* UIStackView.Configuration.swift in Sources */,
				17B23E762735481C00914FEB /* Calendar.NumberOfDaysInMonth.swift in Sources */,
				173C2E5327118970006BEAF3 /* NetworkBodyParametersRequestMethodService.swift in Sources */,
				7AF68A7426EE907900D4B5BE /* DigitalTimeFormatter.swift in Sources */,
				17871828273069DE00C2B74C /* EdgeInsets_HV.swift in Sources */,
				17B1041D270B080100B9E296 /* UIActivityIndicatorViewable.swift in Sources */,
				7A86F88326EFB16200EC32EA /* UILabel.Configuration.swift in Sources */,
				17B1041B270B07E900B9E296 /* UIAlertViewable.swift in Sources */,
				7AB22AF426EB96ED0037355D /* InfiniteScrollingTableViewPaginationState.swift in Sources */,
				17B23E7827354AEB00914FEB /* UIStackView.ArrangedSubviews.swift in Sources */,
				173C2E492711680D006BEAF3 /* Deprecations.swift in Sources */,
				7A00266C26EB70370056DBC5 /* JSONEncoderError.swift in Sources */,
				7A0F75D026D517A300020996 /* NetworkRequestService.swift in Sources */,
				17FDE9862738F8B50085DE40 /* UIApplication.AppInfo.swift in Sources */,
				1742266C2746C8F300B4B4C3 /* String.NonEmpty.swift in Sources */,
				173C2C93270DDCD6006BEAF3 /* View.ConditionalModifiers.swift in Sources */,
				173C2E5627118B0B006BEAF3 /* NetworkRequestMethodServices.swift in Sources */,
				17FDE98E273900100085DE40 /* UIImage.Rotated.swift.swift in Sources */,
				7A86F87F26EFAB4D00EC32EA /* PrettyFractionsNumberFormatter.swift in Sources */,
				17FDE994273905C70085DE40 /* UIColor.Blend.swift in Sources */,
				17B103DC270AFE3900B9E296 /* StandardNavigable.swift in Sources */,
			);
			runOnlyForDeploymentPostprocessing = 0;
		};
/* End PBXSourcesBuildPhase section */

/* Begin PBXTargetDependency section */
		7AA52FA126EB785B008A54EA /* PBXTargetDependency */ = {
			isa = PBXTargetDependency;
			target = 7A0F750726D5016300020996 /* VCore */;
			targetProxy = 7AA52FA026EB785B008A54EA /* PBXContainerItemProxy */;
		};
/* End PBXTargetDependency section */

/* Begin PBXVariantGroup section */
		7A0026EC26EB76710056DBC5 /* LaunchScreen.storyboard */ = {
			isa = PBXVariantGroup;
			children = (
				7A0026ED26EB76710056DBC5 /* Base */,
			);
			name = LaunchScreen.storyboard;
			sourceTree = "<group>";
		};
/* End PBXVariantGroup section */

/* Begin XCBuildConfiguration section */
		7A0026F126EB76710056DBC5 /* Debug */ = {
			isa = XCBuildConfiguration;
			buildSettings = {
				ASSETCATALOG_COMPILER_APPICON_NAME = AppIcon;
				ASSETCATALOG_COMPILER_GLOBAL_ACCENT_COLOR_NAME = AccentColor;
				CODE_SIGN_IDENTITY = "Apple Development";
				CODE_SIGN_STYLE = Automatic;
				DEVELOPMENT_TEAM = XRWP42VX24;
				INFOPLIST_FILE = VCoreDemo/Info.plist;
				IPHONEOS_DEPLOYMENT_TARGET = 13.0;
				LD_RUNPATH_SEARCH_PATHS = (
					"$(inherited)",
					"@executable_path/Frameworks",
				);
				PRODUCT_BUNDLE_IDENTIFIER = "com.vakhtang-kontridze.vcore-demo";
				PRODUCT_NAME = "$(TARGET_NAME)";
				PROVISIONING_PROFILE_SPECIFIER = "";
				SWIFT_VERSION = 5.0;
				TARGETED_DEVICE_FAMILY = "1,2";
			};
			name = Debug;
		};
		7A0026F226EB76710056DBC5 /* Release */ = {
			isa = XCBuildConfiguration;
			buildSettings = {
				ASSETCATALOG_COMPILER_APPICON_NAME = AppIcon;
				ASSETCATALOG_COMPILER_GLOBAL_ACCENT_COLOR_NAME = AccentColor;
				CODE_SIGN_IDENTITY = "Apple Development";
				CODE_SIGN_STYLE = Automatic;
				DEVELOPMENT_TEAM = XRWP42VX24;
				INFOPLIST_FILE = VCoreDemo/Info.plist;
				IPHONEOS_DEPLOYMENT_TARGET = 13.0;
				LD_RUNPATH_SEARCH_PATHS = (
					"$(inherited)",
					"@executable_path/Frameworks",
				);
				PRODUCT_BUNDLE_IDENTIFIER = "com.vakhtang-kontridze.vcore-demo";
				PRODUCT_NAME = "$(TARGET_NAME)";
				PROVISIONING_PROFILE_SPECIFIER = "";
				SWIFT_VERSION = 5.0;
				TARGETED_DEVICE_FAMILY = "1,2";
			};
			name = Release;
		};
		7A0F751A26D5016400020996 /* Debug */ = {
			isa = XCBuildConfiguration;
			buildSettings = {
				ALWAYS_SEARCH_USER_PATHS = NO;
				CLANG_ANALYZER_NONNULL = YES;
				CLANG_ANALYZER_NUMBER_OBJECT_CONVERSION = YES_AGGRESSIVE;
				CLANG_CXX_LANGUAGE_STANDARD = "gnu++14";
				CLANG_CXX_LIBRARY = "libc++";
				CLANG_ENABLE_MODULES = YES;
				CLANG_ENABLE_OBJC_ARC = YES;
				CLANG_ENABLE_OBJC_WEAK = YES;
				CLANG_WARN_BLOCK_CAPTURE_AUTORELEASING = YES;
				CLANG_WARN_BOOL_CONVERSION = YES;
				CLANG_WARN_COMMA = YES;
				CLANG_WARN_CONSTANT_CONVERSION = YES;
				CLANG_WARN_DEPRECATED_OBJC_IMPLEMENTATIONS = YES;
				CLANG_WARN_DIRECT_OBJC_ISA_USAGE = YES_ERROR;
				CLANG_WARN_DOCUMENTATION_COMMENTS = YES;
				CLANG_WARN_EMPTY_BODY = YES;
				CLANG_WARN_ENUM_CONVERSION = YES;
				CLANG_WARN_INFINITE_RECURSION = YES;
				CLANG_WARN_INT_CONVERSION = YES;
				CLANG_WARN_NON_LITERAL_NULL_CONVERSION = YES;
				CLANG_WARN_OBJC_IMPLICIT_RETAIN_SELF = YES;
				CLANG_WARN_OBJC_LITERAL_CONVERSION = YES;
				CLANG_WARN_OBJC_ROOT_CLASS = YES_ERROR;
				CLANG_WARN_QUOTED_INCLUDE_IN_FRAMEWORK_HEADER = YES;
				CLANG_WARN_RANGE_LOOP_ANALYSIS = YES;
				CLANG_WARN_STRICT_PROTOTYPES = YES;
				CLANG_WARN_SUSPICIOUS_MOVE = YES;
				CLANG_WARN_UNGUARDED_AVAILABILITY = YES_AGGRESSIVE;
				CLANG_WARN_UNREACHABLE_CODE = YES;
				CLANG_WARN__DUPLICATE_METHOD_MATCH = YES;
				COPY_PHASE_STRIP = NO;
				CURRENT_PROJECT_VERSION = 1;
				DEBUG_INFORMATION_FORMAT = dwarf;
				ENABLE_STRICT_OBJC_MSGSEND = YES;
				ENABLE_TESTABILITY = YES;
				GCC_C_LANGUAGE_STANDARD = gnu11;
				GCC_DYNAMIC_NO_PIC = NO;
				GCC_NO_COMMON_BLOCKS = YES;
				GCC_OPTIMIZATION_LEVEL = 0;
				GCC_PREPROCESSOR_DEFINITIONS = (
					"DEBUG=1",
					"$(inherited)",
				);
				GCC_WARN_64_TO_32_BIT_CONVERSION = YES;
				GCC_WARN_ABOUT_RETURN_TYPE = YES_ERROR;
				GCC_WARN_UNDECLARED_SELECTOR = YES;
				GCC_WARN_UNINITIALIZED_AUTOS = YES_AGGRESSIVE;
				GCC_WARN_UNUSED_FUNCTION = YES;
				GCC_WARN_UNUSED_VARIABLE = YES;
				IPHONEOS_DEPLOYMENT_TARGET = 14.5;
				MTL_ENABLE_DEBUG_INFO = INCLUDE_SOURCE;
				MTL_FAST_MATH = YES;
				ONLY_ACTIVE_ARCH = YES;
				SDKROOT = iphoneos;
				SWIFT_ACTIVE_COMPILATION_CONDITIONS = DEBUG;
				SWIFT_OPTIMIZATION_LEVEL = "-Onone";
				VERSIONING_SYSTEM = "apple-generic";
				VERSION_INFO_PREFIX = "";
			};
			name = Debug;
		};
		7A0F751B26D5016400020996 /* Release */ = {
			isa = XCBuildConfiguration;
			buildSettings = {
				ALWAYS_SEARCH_USER_PATHS = NO;
				CLANG_ANALYZER_NONNULL = YES;
				CLANG_ANALYZER_NUMBER_OBJECT_CONVERSION = YES_AGGRESSIVE;
				CLANG_CXX_LANGUAGE_STANDARD = "gnu++14";
				CLANG_CXX_LIBRARY = "libc++";
				CLANG_ENABLE_MODULES = YES;
				CLANG_ENABLE_OBJC_ARC = YES;
				CLANG_ENABLE_OBJC_WEAK = YES;
				CLANG_WARN_BLOCK_CAPTURE_AUTORELEASING = YES;
				CLANG_WARN_BOOL_CONVERSION = YES;
				CLANG_WARN_COMMA = YES;
				CLANG_WARN_CONSTANT_CONVERSION = YES;
				CLANG_WARN_DEPRECATED_OBJC_IMPLEMENTATIONS = YES;
				CLANG_WARN_DIRECT_OBJC_ISA_USAGE = YES_ERROR;
				CLANG_WARN_DOCUMENTATION_COMMENTS = YES;
				CLANG_WARN_EMPTY_BODY = YES;
				CLANG_WARN_ENUM_CONVERSION = YES;
				CLANG_WARN_INFINITE_RECURSION = YES;
				CLANG_WARN_INT_CONVERSION = YES;
				CLANG_WARN_NON_LITERAL_NULL_CONVERSION = YES;
				CLANG_WARN_OBJC_IMPLICIT_RETAIN_SELF = YES;
				CLANG_WARN_OBJC_LITERAL_CONVERSION = YES;
				CLANG_WARN_OBJC_ROOT_CLASS = YES_ERROR;
				CLANG_WARN_QUOTED_INCLUDE_IN_FRAMEWORK_HEADER = YES;
				CLANG_WARN_RANGE_LOOP_ANALYSIS = YES;
				CLANG_WARN_STRICT_PROTOTYPES = YES;
				CLANG_WARN_SUSPICIOUS_MOVE = YES;
				CLANG_WARN_UNGUARDED_AVAILABILITY = YES_AGGRESSIVE;
				CLANG_WARN_UNREACHABLE_CODE = YES;
				CLANG_WARN__DUPLICATE_METHOD_MATCH = YES;
				COPY_PHASE_STRIP = NO;
				CURRENT_PROJECT_VERSION = 1;
				DEBUG_INFORMATION_FORMAT = "dwarf-with-dsym";
				ENABLE_NS_ASSERTIONS = NO;
				ENABLE_STRICT_OBJC_MSGSEND = YES;
				GCC_C_LANGUAGE_STANDARD = gnu11;
				GCC_NO_COMMON_BLOCKS = YES;
				GCC_WARN_64_TO_32_BIT_CONVERSION = YES;
				GCC_WARN_ABOUT_RETURN_TYPE = YES_ERROR;
				GCC_WARN_UNDECLARED_SELECTOR = YES;
				GCC_WARN_UNINITIALIZED_AUTOS = YES_AGGRESSIVE;
				GCC_WARN_UNUSED_FUNCTION = YES;
				GCC_WARN_UNUSED_VARIABLE = YES;
				IPHONEOS_DEPLOYMENT_TARGET = 14.5;
				MTL_ENABLE_DEBUG_INFO = NO;
				MTL_FAST_MATH = YES;
				SDKROOT = iphoneos;
				SWIFT_COMPILATION_MODE = wholemodule;
				SWIFT_OPTIMIZATION_LEVEL = "-O";
				VALIDATE_PRODUCT = YES;
				VERSIONING_SYSTEM = "apple-generic";
				VERSION_INFO_PREFIX = "";
			};
			name = Release;
		};
		7A0F751D26D5016400020996 /* Debug */ = {
			isa = XCBuildConfiguration;
			buildSettings = {
				BUILD_LIBRARY_FOR_DISTRIBUTION = YES;
				CODE_SIGN_STYLE = Automatic;
				CURRENT_PROJECT_VERSION = 8;
				DEFINES_MODULE = YES;
				DEVELOPMENT_TEAM = XRWP42VX24;
				DYLIB_COMPATIBILITY_VERSION = 1;
				DYLIB_CURRENT_VERSION = 1;
				DYLIB_INSTALL_NAME_BASE = "@rpath";
				INFOPLIST_FILE = VCore/Info.plist;
				INSTALL_PATH = "$(LOCAL_LIBRARY_DIR)/Frameworks";
				IPHONEOS_DEPLOYMENT_TARGET = 13.0;
				LD_RUNPATH_SEARCH_PATHS = (
					"$(inherited)",
					"@executable_path/Frameworks",
					"@loader_path/Frameworks",
				);
				MARKETING_VERSION = 1.4.0;
				PRODUCT_BUNDLE_IDENTIFIER = "com.vakhtang-kontridze.vcore";
				PRODUCT_NAME = "$(TARGET_NAME:c99extidentifier)";
				SKIP_INSTALL = NO;
				SUPPORTS_MACCATALYST = NO;
				SUPPORTS_MAC_DESIGNED_FOR_IPHONE_IPAD = NO;
				SWIFT_VERSION = 5.0;
				TARGETED_DEVICE_FAMILY = "1,2";
			};
			name = Debug;
		};
		7A0F751E26D5016400020996 /* Release */ = {
			isa = XCBuildConfiguration;
			buildSettings = {
				BUILD_LIBRARY_FOR_DISTRIBUTION = YES;
				CODE_SIGN_STYLE = Automatic;
				CURRENT_PROJECT_VERSION = 8;
				DEFINES_MODULE = YES;
				DEVELOPMENT_TEAM = XRWP42VX24;
				DYLIB_COMPATIBILITY_VERSION = 1;
				DYLIB_CURRENT_VERSION = 1;
				DYLIB_INSTALL_NAME_BASE = "@rpath";
				INFOPLIST_FILE = VCore/Info.plist;
				INSTALL_PATH = "$(LOCAL_LIBRARY_DIR)/Frameworks";
				IPHONEOS_DEPLOYMENT_TARGET = 13.0;
				LD_RUNPATH_SEARCH_PATHS = (
					"$(inherited)",
					"@executable_path/Frameworks",
					"@loader_path/Frameworks",
				);
				MARKETING_VERSION = 1.4.0;
				PRODUCT_BUNDLE_IDENTIFIER = "com.vakhtang-kontridze.vcore";
				PRODUCT_NAME = "$(TARGET_NAME:c99extidentifier)";
				SKIP_INSTALL = NO;
				SUPPORTS_MACCATALYST = NO;
				SUPPORTS_MAC_DESIGNED_FOR_IPHONE_IPAD = NO;
				SWIFT_VERSION = 5.0;
				TARGETED_DEVICE_FAMILY = "1,2";
			};
			name = Release;
		};
/* End XCBuildConfiguration section */

/* Begin XCConfigurationList section */
		7A0026F026EB76710056DBC5 /* Build configuration list for PBXNativeTarget "VCoreDemo" */ = {
			isa = XCConfigurationList;
			buildConfigurations = (
				7A0026F126EB76710056DBC5 /* Debug */,
				7A0026F226EB76710056DBC5 /* Release */,
			);
			defaultConfigurationIsVisible = 0;
			defaultConfigurationName = Release;
		};
		7A0F750226D5016300020996 /* Build configuration list for PBXProject "VCore" */ = {
			isa = XCConfigurationList;
			buildConfigurations = (
				7A0F751A26D5016400020996 /* Debug */,
				7A0F751B26D5016400020996 /* Release */,
			);
			defaultConfigurationIsVisible = 0;
			defaultConfigurationName = Release;
		};
		7A0F751C26D5016400020996 /* Build configuration list for PBXNativeTarget "VCore" */ = {
			isa = XCConfigurationList;
			buildConfigurations = (
				7A0F751D26D5016400020996 /* Debug */,
				7A0F751E26D5016400020996 /* Release */,
			);
			defaultConfigurationIsVisible = 0;
			defaultConfigurationName = Release;
		};
/* End XCConfigurationList section */
	};
	rootObject = 7A0F74FF26D5016300020996 /* Project object */;
}
